Microsoft Visual Studio Solution File, Format Version 8.00
Project("{8BC9CEB8-8B4A-11D0-8D11-00A0C91BC942}") = "CLRInterceptLib", "..\CLRInterceptLib\CLRInterceptLib.vcproj", "{1AACDFB8-5BAE-4E9D-BA07-800661E0D733}"
	ProjectSection(ProjectDependencies) = postProject
		{EDEE9E0B-4B27-4166-94DF-B4AD61446A26} = {EDEE9E0B-4B27-4166-94DF-B4AD61446A26}
	EndProjectSection
EndProject
Project("{8BC9CEB8-8B4A-11D0-8D11-00A0C91BC942}") = "DotNetReplacementInstall", "..\DotNetReplacementInstall\DotNetReplacementInstall.vcproj", "{C4F46BD0-D415-4E89-A5E1-EA0520CB2189}"
	ProjectSection(ProjectDependencies) = postProject
		{0FCCB23D-6467-4389-A2D9-9E60F2D6FB4D} = {0FCCB23D-6467-4389-A2D9-9E60F2D6FB4D}
		{E9220C76-98AE-471E-BC4B-54F98012B8DA} = {E9220C76-98AE-471E-BC4B-54F98012B8DA}
		{5FDBFB97-B2B6-439A-A98A-AB5FA65F975A} = {5FDBFB97-B2B6-439A-A98A-AB5FA65F975A}
		{54039DC5-994B-449A-8D75-D4815FD4F87B} = {54039DC5-994B-449A-8D75-D4815FD4F87B}
		{B03B1DC6-5880-479D-9D78-272B9338BE99} = {B03B1DC6-5880-479D-9D78-272B9338BE99}
		{F1DD56CA-1BF5-4D7D-AFF9-5A765BDB9F24} = {F1DD56CA-1BF5-4D7D-AFF9-5A765BDB9F24}
	EndProjectSection
EndProject
Project("{8BC9CEB8-8B4A-11D0-8D11-00A0C91BC942}") = "FunctionDatabase", "..\FunctionDatabase\FunctionDatabase.vcproj", "{2B739652-924E-4FAA-915B-60BD213EBE96}"
	ProjectSection(ProjectDependencies) = postProject
	EndProjectSection
EndProject
Project("{FAE04EC0-301F-11D3-BF4B-00C04F79EFBC}") = "GuiSupport", "..\GuiSupport\GuiSupport.csproj", "{E63FB9C7-53C4-4A60-B6B2-91027174BD74}"
	ProjectSection(ProjectDependencies) = postProject
	EndProjectSection
EndProject
Project("{8BC9CEB8-8B4A-11D0-8D11-00A0C91BC942}") = "HolodeckGui", "..\HolodeckGui\HolodeckGui.vcproj", "{155D98E3-DB9E-4299-B6D0-CDD93BABFBBA}"
	ProjectSection(ProjectDependencies) = postProject
		{EDEE9E0B-4B27-4166-94DF-B4AD61446A26} = {EDEE9E0B-4B27-4166-94DF-B4AD61446A26}
		{1AF6F214-A564-43BC-B4FF-D0EA63A73A33} = {1AF6F214-A564-43BC-B4FF-D0EA63A73A33}
		{584BBC22-1F6F-40C7-A5A7-811B9A04E066} = {584BBC22-1F6F-40C7-A5A7-811B9A04E066}
		{561C312E-E9A0-4521-A370-AC2CF1DE21CC} = {561C312E-E9A0-4521-A370-AC2CF1DE21CC}
		{E195234E-9860-4A1A-B07C-EADFF902D0F1} = {E195234E-9860-4A1A-B07C-EADFF902D0F1}
		{BD796E4E-DEA2-456C-84EC-AB208184774C} = {BD796E4E-DEA2-456C-84EC-AB208184774C}
		{2B739652-924E-4FAA-915B-60BD213EBE96} = {2B739652-924E-4FAA-915B-60BD213EBE96}
		{C69ACA6D-6218-4B76-9E4B-78EDC840EFA6} = {C69ACA6D-6218-4B76-9E4B-78EDC840EFA6}
		{76E60E72-2BC4-445D-B906-66E0AD34613A} = {76E60E72-2BC4-445D-B906-66E0AD34613A}
		{9ED2548B-49CF-4A7B-BEE4-58DF0F230E32} = {9ED2548B-49CF-4A7B-BEE4-58DF0F230E32}
		{1537438F-8A31-4D45-8871-043EAF28204C} = {1537438F-8A31-4D45-8871-043EAF28204C}
		{92F94EA0-9910-4895-B8A1-FED1543A9DA1} = {92F94EA0-9910-4895-B8A1-FED1543A9DA1}
		{541E09B1-311D-4003-9A1C-8043977F0293} = {541E09B1-311D-4003-9A1C-8043977F0293}
		{C13FA4B8-04E0-4341-81DD-D76B4A548C89} = {C13FA4B8-04E0-4341-81DD-D76B4A548C89}
		{1AACDFB8-5BAE-4E9D-BA07-800661E0D733} = {1AACDFB8-5BAE-4E9D-BA07-800661E0D733}
		{E63FB9C7-53C4-4A60-B6B2-91027174BD74} = {E63FB9C7-53C4-4A60-B6B2-91027174BD74}
		{5F871BCA-EC5A-49EE-8B9A-FC2647FFB484} = {5F871BCA-EC5A-49EE-8B9A-FC2647FFB484}
		{9DAD9ADE-1142-476A-8666-EF27E6DE16F7} = {9DAD9ADE-1142-476A-8666-EF27E6DE16F7}
	EndProjectSection
EndProject
Project("{8BC9CEB8-8B4A-11D0-8D11-00A0C91BC942}") = "HoloScript", "..\HoloScript\HoloScript.vcproj", "{584BBC22-1F6F-40C7-A5A7-811B9A04E066}"
	ProjectSection(ProjectDependencies) = postProject
		{EDEE9E0B-4B27-4166-94DF-B4AD61446A26} = {EDEE9E0B-4B27-4166-94DF-B4AD61446A26}
		{E195234E-9860-4A1A-B07C-EADFF902D0F1} = {E195234E-9860-4A1A-B07C-EADFF902D0F1}
		{2B739652-924E-4FAA-915B-60BD213EBE96} = {2B739652-924E-4FAA-915B-60BD213EBE96}
		{C13FA4B8-04E0-4341-81DD-D76B4A548C89} = {C13FA4B8-04E0-4341-81DD-D76B4A548C89}
		{1AACDFB8-5BAE-4E9D-BA07-800661E0D733} = {1AACDFB8-5BAE-4E9D-BA07-800661E0D733}
		{5F871BCA-EC5A-49EE-8B9A-FC2647FFB484} = {5F871BCA-EC5A-49EE-8B9A-FC2647FFB484}
		{9DAD9ADE-1142-476A-8666-EF27E6DE16F7} = {9DAD9ADE-1142-476A-8666-EF27E6DE16F7}
	EndProjectSection
EndProject
Project("{8BC9CEB8-8B4A-11D0-8D11-00A0C91BC942}") = "Log", "..\Log\Log.vcproj", "{5F871BCA-EC5A-49EE-8B9A-FC2647FFB484}"
	ProjectSection(ProjectDependencies) = postProject
		{EDEE9E0B-4B27-4166-94DF-B4AD61446A26} = {EDEE9E0B-4B27-4166-94DF-B4AD61446A26}
		{76E60E72-2BC4-445D-B906-66E0AD34613A} = {76E60E72-2BC4-445D-B906-66E0AD34613A}
	EndProjectSection
EndProject
Project("{8BC9CEB8-8B4A-11D0-8D11-00A0C91BC942}") = "NetCorruptLibrary", "..\NetCorruptLibrary\NetCorruptLibrary.vcproj", "{561C312E-E9A0-4521-A370-AC2CF1DE21CC}"
	ProjectSection(ProjectDependencies) = postProject
		{EDEE9E0B-4B27-4166-94DF-B4AD61446A26} = {EDEE9E0B-4B27-4166-94DF-B4AD61446A26}
		{E195234E-9860-4A1A-B07C-EADFF902D0F1} = {E195234E-9860-4A1A-B07C-EADFF902D0F1}
		{1AACDFB8-5BAE-4E9D-BA07-800661E0D733} = {1AACDFB8-5BAE-4E9D-BA07-800661E0D733}
	EndProjectSection
EndProject
Project("{8BC9CEB8-8B4A-11D0-8D11-00A0C91BC942}") = "ReplacementLibrary", "..\ReplacementLibrary\ReplacementLibrary.vcproj", "{E195234E-9860-4A1A-B07C-EADFF902D0F1}"
	ProjectSection(ProjectDependencies) = postProject
		{EDEE9E0B-4B27-4166-94DF-B4AD61446A26} = {EDEE9E0B-4B27-4166-94DF-B4AD61446A26}
		{5F871BCA-EC5A-49EE-8B9A-FC2647FFB484} = {5F871BCA-EC5A-49EE-8B9A-FC2647FFB484}
	EndProjectSection
EndProject
Project("{8BC9CEB8-8B4A-11D0-8D11-00A0C91BC942}") = "DotNetCacheGen", "..\Tools\DotNetCacheGen\DotNetCacheGen.vcproj", "{3E3275EB-E51E-4D1F-B89B-A6084AF37105}"
	ProjectSection(ProjectDependencies) = postProject
		{EDEE9E0B-4B27-4166-94DF-B4AD61446A26} = {EDEE9E0B-4B27-4166-94DF-B4AD61446A26}
		{C69ACA6D-6218-4B76-9E4B-78EDC840EFA6} = {C69ACA6D-6218-4B76-9E4B-78EDC840EFA6}
		{1AACDFB8-5BAE-4E9D-BA07-800661E0D733} = {1AACDFB8-5BAE-4E9D-BA07-800661E0D733}
		{E63FB9C7-53C4-4A60-B6B2-91027174BD74} = {E63FB9C7-53C4-4A60-B6B2-91027174BD74}
	EndProjectSection
EndProject
Project("{FAE04EC0-301F-11D3-BF4B-00C04F79EFBC}") = "GenerateReplacementLibrary", "..\Tools\GenerateDotNetReplacementLibrary\GenerateReplacementLibrary.csproj", "{31C88D23-7B0F-4B27-B418-30CC266C4386}"
	ProjectSection(ProjectDependencies) = postProject
	EndProjectSection
EndProject
Project("{8BC9CEB8-8B4A-11D0-8D11-00A0C91BC942}") = "HolodeckConfig", "..\Tools\HolodeckConfig\HolodeckConfig.vcproj", "{BD796E4E-DEA2-456C-84EC-AB208184774C}"
	ProjectSection(ProjectDependencies) = postProject
	EndProjectSection
EndProject
Project("{8BC9CEB8-8B4A-11D0-8D11-00A0C91BC942}") = "Advapi32ReplacementLibrary", "..\replacement\Advapi32ReplacementLibrary\Advapi32ReplacementLibrary.vcproj", "{3580B410-0148-4744-9C3E-5D82C69D8142}"
	ProjectSection(ProjectDependencies) = postProject
		{EDEE9E0B-4B27-4166-94DF-B4AD61446A26} = {EDEE9E0B-4B27-4166-94DF-B4AD61446A26}
		{561C312E-E9A0-4521-A370-AC2CF1DE21CC} = {561C312E-E9A0-4521-A370-AC2CF1DE21CC}
		{E195234E-9860-4A1A-B07C-EADFF902D0F1} = {E195234E-9860-4A1A-B07C-EADFF902D0F1}
		{1AACDFB8-5BAE-4E9D-BA07-800661E0D733} = {1AACDFB8-5BAE-4E9D-BA07-800661E0D733}
		{5F871BCA-EC5A-49EE-8B9A-FC2647FFB484} = {5F871BCA-EC5A-49EE-8B9A-FC2647FFB484}
	EndProjectSection
EndProject
Project("{8BC9CEB8-8B4A-11D0-8D11-00A0C91BC942}") = "Kernel32ReplacementLibrary", "..\replacement\Kernel32ReplacementLibrary\Kernel32ReplacementLibrary.vcproj", "{F6EF4120-F445-4620-8E69-0C0B2A816A10}"
	ProjectSection(ProjectDependencies) = postProject
		{EDEE9E0B-4B27-4166-94DF-B4AD61446A26} = {EDEE9E0B-4B27-4166-94DF-B4AD61446A26}
		{561C312E-E9A0-4521-A370-AC2CF1DE21CC} = {561C312E-E9A0-4521-A370-AC2CF1DE21CC}
		{E195234E-9860-4A1A-B07C-EADFF902D0F1} = {E195234E-9860-4A1A-B07C-EADFF902D0F1}
		{1AACDFB8-5BAE-4E9D-BA07-800661E0D733} = {1AACDFB8-5BAE-4E9D-BA07-800661E0D733}
		{5F871BCA-EC5A-49EE-8B9A-FC2647FFB484} = {5F871BCA-EC5A-49EE-8B9A-FC2647FFB484}
	EndProjectSection
EndProject
Project("{FAE04EC0-301F-11D3-BF4B-00C04F79EFBC}") = "MSCorLibReplacementLibrary", "..\replacement\MSCorLibReplacementLibrary\MSCorLibReplacementLibrary.csproj", "{0FCCB23D-6467-4389-A2D9-9E60F2D6FB4D}"
	ProjectSection(ProjectDependencies) = postProject
		{EDEE9E0B-4B27-4166-94DF-B4AD61446A26} = {EDEE9E0B-4B27-4166-94DF-B4AD61446A26}
		{561C312E-E9A0-4521-A370-AC2CF1DE21CC} = {561C312E-E9A0-4521-A370-AC2CF1DE21CC}
		{E195234E-9860-4A1A-B07C-EADFF902D0F1} = {E195234E-9860-4A1A-B07C-EADFF902D0F1}
		{E9220C76-98AE-471E-BC4B-54F98012B8DA} = {E9220C76-98AE-471E-BC4B-54F98012B8DA}
		{1AACDFB8-5BAE-4E9D-BA07-800661E0D733} = {1AACDFB8-5BAE-4E9D-BA07-800661E0D733}
		{5F871BCA-EC5A-49EE-8B9A-FC2647FFB484} = {5F871BCA-EC5A-49EE-8B9A-FC2647FFB484}
		{3E3275EB-E51E-4D1F-B89B-A6084AF37105} = {3E3275EB-E51E-4D1F-B89B-A6084AF37105}
	EndProjectSection
EndProject
Project("{FAE04EC0-301F-11D3-BF4B-00C04F79EFBC}") = "SystemReplacementLibrary", "..\replacement\SystemReplacementLibrary\SystemReplacementLibrary.csproj", "{F1DD56CA-1BF5-4D7D-AFF9-5A765BDB9F24}"
	ProjectSection(ProjectDependencies) = postProject
		{EDEE9E0B-4B27-4166-94DF-B4AD61446A26} = {EDEE9E0B-4B27-4166-94DF-B4AD61446A26}
		{561C312E-E9A0-4521-A370-AC2CF1DE21CC} = {561C312E-E9A0-4521-A370-AC2CF1DE21CC}
		{E195234E-9860-4A1A-B07C-EADFF902D0F1} = {E195234E-9860-4A1A-B07C-EADFF902D0F1}
		{E9220C76-98AE-471E-BC4B-54F98012B8DA} = {E9220C76-98AE-471E-BC4B-54F98012B8DA}
		{1AACDFB8-5BAE-4E9D-BA07-800661E0D733} = {1AACDFB8-5BAE-4E9D-BA07-800661E0D733}
		{5F871BCA-EC5A-49EE-8B9A-FC2647FFB484} = {5F871BCA-EC5A-49EE-8B9A-FC2647FFB484}
		{3E3275EB-E51E-4D1F-B89B-A6084AF37105} = {3E3275EB-E51E-4D1F-B89B-A6084AF37105}
	EndProjectSection
EndProject
Project("{FAE04EC0-301F-11D3-BF4B-00C04F79EFBC}") = "SystemServiceProcessReplacementLibrary", "..\replacement\SystemServiceProcessReplacementLibrary\SystemServiceProcessReplacementLibrary.csproj", "{54039DC5-994B-449A-8D75-D4815FD4F87B}"
	ProjectSection(ProjectDependencies) = postProject
		{EDEE9E0B-4B27-4166-94DF-B4AD61446A26} = {EDEE9E0B-4B27-4166-94DF-B4AD61446A26}
		{561C312E-E9A0-4521-A370-AC2CF1DE21CC} = {561C312E-E9A0-4521-A370-AC2CF1DE21CC}
		{E195234E-9860-4A1A-B07C-EADFF902D0F1} = {E195234E-9860-4A1A-B07C-EADFF902D0F1}
		{E9220C76-98AE-471E-BC4B-54F98012B8DA} = {E9220C76-98AE-471E-BC4B-54F98012B8DA}
		{1AACDFB8-5BAE-4E9D-BA07-800661E0D733} = {1AACDFB8-5BAE-4E9D-BA07-800661E0D733}
		{5F871BCA-EC5A-49EE-8B9A-FC2647FFB484} = {5F871BCA-EC5A-49EE-8B9A-FC2647FFB484}
		{3E3275EB-E51E-4D1F-B89B-A6084AF37105} = {3E3275EB-E51E-4D1F-B89B-A6084AF37105}
	EndProjectSection
EndProject
Project("{FAE04EC0-301F-11D3-BF4B-00C04F79EFBC}") = "SystemXMLReplacementLibrary", "..\replacement\SystemXMLReplacementLibrary\SystemXMLReplacementLibrary.csproj", "{5FDBFB97-B2B6-439A-A98A-AB5FA65F975A}"
	ProjectSection(ProjectDependencies) = postProject
		{EDEE9E0B-4B27-4166-94DF-B4AD61446A26} = {EDEE9E0B-4B27-4166-94DF-B4AD61446A26}
		{561C312E-E9A0-4521-A370-AC2CF1DE21CC} = {561C312E-E9A0-4521-A370-AC2CF1DE21CC}
		{E195234E-9860-4A1A-B07C-EADFF902D0F1} = {E195234E-9860-4A1A-B07C-EADFF902D0F1}
		{E9220C76-98AE-471E-BC4B-54F98012B8DA} = {E9220C76-98AE-471E-BC4B-54F98012B8DA}
		{1AACDFB8-5BAE-4E9D-BA07-800661E0D733} = {1AACDFB8-5BAE-4E9D-BA07-800661E0D733}
		{5F871BCA-EC5A-49EE-8B9A-FC2647FFB484} = {5F871BCA-EC5A-49EE-8B9A-FC2647FFB484}
		{3E3275EB-E51E-4D1F-B89B-A6084AF37105} = {3E3275EB-E51E-4D1F-B89B-A6084AF37105}
	EndProjectSection
EndProject
Project("{8BC9CEB8-8B4A-11D0-8D11-00A0C91BC942}") = "WS2_32ReplacementLibrary", "..\replacement\WS2_32ReplacementLibrary\WS2_32ReplacementLibrary.vcproj", "{13F30C5B-D332-4D7D-A006-CF5EC02C44E0}"
	ProjectSection(ProjectDependencies) = postProject
		{EDEE9E0B-4B27-4166-94DF-B4AD61446A26} = {EDEE9E0B-4B27-4166-94DF-B4AD61446A26}
		{561C312E-E9A0-4521-A370-AC2CF1DE21CC} = {561C312E-E9A0-4521-A370-AC2CF1DE21CC}
		{E195234E-9860-4A1A-B07C-EADFF902D0F1} = {E195234E-9860-4A1A-B07C-EADFF902D0F1}
		{1AACDFB8-5BAE-4E9D-BA07-800661E0D733} = {1AACDFB8-5BAE-4E9D-BA07-800661E0D733}
		{5F871BCA-EC5A-49EE-8B9A-FC2647FFB484} = {5F871BCA-EC5A-49EE-8B9A-FC2647FFB484}
	EndProjectSection
EndProject
Project("{8BC9CEB8-8B4A-11D0-8D11-00A0C91BC942}") = "NewIntercepts", "..\Tools\NewIntercepts\NewIntercepts.vcproj", "{C69ACA6D-6218-4B76-9E4B-78EDC840EFA6}"
	ProjectSection(ProjectDependencies) = postProject
		{F163B002-2DF0-4344-8A74-9A4267861A2C} = {F163B002-2DF0-4344-8A74-9A4267861A2C}
		{EDEE9E0B-4B27-4166-94DF-B4AD61446A26} = {EDEE9E0B-4B27-4166-94DF-B4AD61446A26}
		{584BBC22-1F6F-40C7-A5A7-811B9A04E066} = {584BBC22-1F6F-40C7-A5A7-811B9A04E066}
		{2B739652-924E-4FAA-915B-60BD213EBE96} = {2B739652-924E-4FAA-915B-60BD213EBE96}
		{92F94EA0-9910-4895-B8A1-FED1543A9DA1} = {92F94EA0-9910-4895-B8A1-FED1543A9DA1}
	EndProjectSection
EndProject
Project("{8BC9CEB8-8B4A-11D0-8D11-00A0C91BC942}") = "HeaderParser", "..\Tools\HeaderParser\HD_hFileParser.vcproj", "{F163B002-2DF0-4344-8A74-9A4267861A2C}"
	ProjectSection(ProjectDependencies) = postProject
		{2B739652-924E-4FAA-915B-60BD213EBE96} = {2B739652-924E-4FAA-915B-60BD213EBE96}
		{E63FB9C7-53C4-4A60-B6B2-91027174BD74} = {E63FB9C7-53C4-4A60-B6B2-91027174BD74}
	EndProjectSection
EndProject
Project("{8BC9CEB8-8B4A-11D0-8D11-00A0C91BC942}") = "ServicesExeReplacementLibrary", "..\replacement\ServicesExeReplacementLibrary\ServicesExeReplacementLibrary.vcproj", "{55C8E71A-E89A-4A5E-A4F1-F44BFB092294}"
	ProjectSection(ProjectDependencies) = postProject
		{EDEE9E0B-4B27-4166-94DF-B4AD61446A26} = {EDEE9E0B-4B27-4166-94DF-B4AD61446A26}
		{E195234E-9860-4A1A-B07C-EADFF902D0F1} = {E195234E-9860-4A1A-B07C-EADFF902D0F1}
		{1AACDFB8-5BAE-4E9D-BA07-800661E0D733} = {1AACDFB8-5BAE-4E9D-BA07-800661E0D733}
	EndProjectSection
EndProject
Project("{8BC9CEB8-8B4A-11D0-8D11-00A0C91BC942}") = "CopyDependencies", "..\CopyDependencies\CopyDependencies.vcproj", "{541E09B1-311D-4003-9A1C-8043977F0293}"
	ProjectSection(ProjectDependencies) = postProject
		{F163B002-2DF0-4344-8A74-9A4267861A2C} = {F163B002-2DF0-4344-8A74-9A4267861A2C}
		{EDEE9E0B-4B27-4166-94DF-B4AD61446A26} = {EDEE9E0B-4B27-4166-94DF-B4AD61446A26}
		{3580B410-0148-4744-9C3E-5D82C69D8142} = {3580B410-0148-4744-9C3E-5D82C69D8142}
		{1AF6F214-A564-43BC-B4FF-D0EA63A73A33} = {1AF6F214-A564-43BC-B4FF-D0EA63A73A33}
		{55C8E71A-E89A-4A5E-A4F1-F44BFB092294} = {55C8E71A-E89A-4A5E-A4F1-F44BFB092294}
		{F6EF4120-F445-4620-8E69-0C0B2A816A10} = {F6EF4120-F445-4620-8E69-0C0B2A816A10}
		{584BBC22-1F6F-40C7-A5A7-811B9A04E066} = {584BBC22-1F6F-40C7-A5A7-811B9A04E066}
		{31C88D23-7B0F-4B27-B418-30CC266C4386} = {31C88D23-7B0F-4B27-B418-30CC266C4386}
		{561C312E-E9A0-4521-A370-AC2CF1DE21CC} = {561C312E-E9A0-4521-A370-AC2CF1DE21CC}
		{0FCCB23D-6467-4389-A2D9-9E60F2D6FB4D} = {0FCCB23D-6467-4389-A2D9-9E60F2D6FB4D}
		{E195234E-9860-4A1A-B07C-EADFF902D0F1} = {E195234E-9860-4A1A-B07C-EADFF902D0F1}
		{BD796E4E-DEA2-456C-84EC-AB208184774C} = {BD796E4E-DEA2-456C-84EC-AB208184774C}
		{2B739652-924E-4FAA-915B-60BD213EBE96} = {2B739652-924E-4FAA-915B-60BD213EBE96}
		{13F30C5B-D332-4D7D-A006-CF5EC02C44E0} = {13F30C5B-D332-4D7D-A006-CF5EC02C44E0}
		{C69ACA6D-6218-4B76-9E4B-78EDC840EFA6} = {C69ACA6D-6218-4B76-9E4B-78EDC840EFA6}
		{76E60E72-2BC4-445D-B906-66E0AD34613A} = {76E60E72-2BC4-445D-B906-66E0AD34613A}
		{9ED2548B-49CF-4A7B-BEE4-58DF0F230E32} = {9ED2548B-49CF-4A7B-BEE4-58DF0F230E32}
		{1537438F-8A31-4D45-8871-043EAF28204C} = {1537438F-8A31-4D45-8871-043EAF28204C}
		{5FDBFB97-B2B6-439A-A98A-AB5FA65F975A} = {5FDBFB97-B2B6-439A-A98A-AB5FA65F975A}
		{92F94EA0-9910-4895-B8A1-FED1543A9DA1} = {92F94EA0-9910-4895-B8A1-FED1543A9DA1}
		{C13FA4B8-04E0-4341-81DD-D76B4A548C89} = {C13FA4B8-04E0-4341-81DD-D76B4A548C89}
		{1AACDFB8-5BAE-4E9D-BA07-800661E0D733} = {1AACDFB8-5BAE-4E9D-BA07-800661E0D733}
		{54039DC5-994B-449A-8D75-D4815FD4F87B} = {54039DC5-994B-449A-8D75-D4815FD4F87B}
		{E63FB9C7-53C4-4A60-B6B2-91027174BD74} = {E63FB9C7-53C4-4A60-B6B2-91027174BD74}
		{5F871BCA-EC5A-49EE-8B9A-FC2647FFB484} = {5F871BCA-EC5A-49EE-8B9A-FC2647FFB484}
		{F1DD56CA-1BF5-4D7D-AFF9-5A765BDB9F24} = {F1DD56CA-1BF5-4D7D-AFF9-5A765BDB9F24}
		{C4F46BD0-D415-4E89-A5E1-EA0520CB2189} = {C4F46BD0-D415-4E89-A5E1-EA0520CB2189}
		{9DAD9ADE-1142-476A-8666-EF27E6DE16F7} = {9DAD9ADE-1142-476A-8666-EF27E6DE16F7}
		{3E3275EB-E51E-4D1F-B89B-A6084AF37105} = {3E3275EB-E51E-4D1F-B89B-A6084AF37105}
	EndProjectSection
EndProject
Project("{FAE04EC0-301F-11D3-BF4B-00C04F79EFBC}") = "DotNetReplacementLibrary", "..\DotNetReplacementLibrary\DotNetReplacementLibrary.csproj", "{E9220C76-98AE-471E-BC4B-54F98012B8DA}"
	ProjectSection(ProjectDependencies) = postProject
		{0454D743-7398-4E6B-862C-B17635F10708} = {0454D743-7398-4E6B-862C-B17635F10708}
		{B03B1DC6-5880-479D-9D78-272B9338BE99} = {B03B1DC6-5880-479D-9D78-272B9338BE99}
	EndProjectSection
EndProject
Project("{FAE04EC0-301F-11D3-BF4B-00C04F79EFBC}") = "HeatDotNet", "..\HeatDotNet\HeatDotNet.csproj", "{B03B1DC6-5880-479D-9D78-272B9338BE99}"
	ProjectSection(ProjectDependencies) = postProject
	EndProjectSection
EndProject
Project("{8BC9CEB8-8B4A-11D0-8D11-00A0C91BC942}") = "CustomTestProjectGenerator", "..\Tools\CustomTestProjectGenerator\CustomTestProjectGenerator.vcproj", "{9ED2548B-49CF-4A7B-BEE4-58DF0F230E32}"
	ProjectSection(ProjectDependencies) = postProject
		{F163B002-2DF0-4344-8A74-9A4267861A2C} = {F163B002-2DF0-4344-8A74-9A4267861A2C}
		{EDEE9E0B-4B27-4166-94DF-B4AD61446A26} = {EDEE9E0B-4B27-4166-94DF-B4AD61446A26}
		{1AF6F214-A564-43BC-B4FF-D0EA63A73A33} = {1AF6F214-A564-43BC-B4FF-D0EA63A73A33}
		{584BBC22-1F6F-40C7-A5A7-811B9A04E066} = {584BBC22-1F6F-40C7-A5A7-811B9A04E066}
		{2B739652-924E-4FAA-915B-60BD213EBE96} = {2B739652-924E-4FAA-915B-60BD213EBE96}
		{C69ACA6D-6218-4B76-9E4B-78EDC840EFA6} = {C69ACA6D-6218-4B76-9E4B-78EDC840EFA6}
		{92F94EA0-9910-4895-B8A1-FED1543A9DA1} = {92F94EA0-9910-4895-B8A1-FED1543A9DA1}
		{C13FA4B8-04E0-4341-81DD-D76B4A548C89} = {C13FA4B8-04E0-4341-81DD-D76B4A548C89}
		{B03B1DC6-5880-479D-9D78-272B9338BE99} = {B03B1DC6-5880-479D-9D78-272B9338BE99}
		{E63FB9C7-53C4-4A60-B6B2-91027174BD74} = {E63FB9C7-53C4-4A60-B6B2-91027174BD74}
		{9DAD9ADE-1142-476A-8666-EF27E6DE16F7} = {9DAD9ADE-1142-476A-8666-EF27E6DE16F7}
	EndProjectSection
EndProject
Project("{8BC9CEB8-8B4A-11D0-8D11-00A0C91BC942}") = "HolodeckLib", "..\Tools\CustomTestProjectGenerator\HolodeckLib\HolodeckLib.vcproj", "{1537438F-8A31-4D45-8871-043EAF28204C}"
	ProjectSection(ProjectDependencies) = postProject
		{584BBC22-1F6F-40C7-A5A7-811B9A04E066} = {584BBC22-1F6F-40C7-A5A7-811B9A04E066}
	EndProjectSection
EndProject
Project("{8BC9CEB8-8B4A-11D0-8D11-00A0C91BC942}") = "Crypt32ReplacementLibrary", "..\replacement\Crypt32ReplacementLibrary\Crypt32ReplacementLibrary.vcproj", "{F6EF4120-F445-4620-8E69-0C0B2A816A10}"
	ProjectSection(ProjectDependencies) = postProject
		{EDEE9E0B-4B27-4166-94DF-B4AD61446A26} = {EDEE9E0B-4B27-4166-94DF-B4AD61446A26}
		{561C312E-E9A0-4521-A370-AC2CF1DE21CC} = {561C312E-E9A0-4521-A370-AC2CF1DE21CC}
		{E195234E-9860-4A1A-B07C-EADFF902D0F1} = {E195234E-9860-4A1A-B07C-EADFF902D0F1}
		{1AACDFB8-5BAE-4E9D-BA07-800661E0D733} = {1AACDFB8-5BAE-4E9D-BA07-800661E0D733}
		{5F871BCA-EC5A-49EE-8B9A-FC2647FFB484} = {5F871BCA-EC5A-49EE-8B9A-FC2647FFB484}
	EndProjectSection
EndProject
Project("{8BC9CEB8-8B4A-11D0-8D11-00A0C91BC942}") = "Ole32ReplacementLibrary", "..\replacement\Ole32ReplacementLibrary\Ole32ReplacementLibrary.vcproj", "{F6EF4120-F445-4620-8E69-0C0B2A816A10}"
	ProjectSection(ProjectDependencies) = postProject
		{EDEE9E0B-4B27-4166-94DF-B4AD61446A26} = {EDEE9E0B-4B27-4166-94DF-B4AD61446A26}
		{561C312E-E9A0-4521-A370-AC2CF1DE21CC} = {561C312E-E9A0-4521-A370-AC2CF1DE21CC}
		{E195234E-9860-4A1A-B07C-EADFF902D0F1} = {E195234E-9860-4A1A-B07C-EADFF902D0F1}
		{1AACDFB8-5BAE-4E9D-BA07-800661E0D733} = {1AACDFB8-5BAE-4E9D-BA07-800661E0D733}
		{5F871BCA-EC5A-49EE-8B9A-FC2647FFB484} = {5F871BCA-EC5A-49EE-8B9A-FC2647FFB484}
	EndProjectSection
EndProject
Project("{8BC9CEB8-8B4A-11D0-8D11-00A0C91BC942}") = "WinTrustReplacementLibrary", "..\replacement\WinTrustReplacementLibrary\WinTrustReplacementLibrary.vcproj", "{F6EF4120-F445-4620-8E69-0C0B2A816A10}"
	ProjectSection(ProjectDependencies) = postProject
		{EDEE9E0B-4B27-4166-94DF-B4AD61446A26} = {EDEE9E0B-4B27-4166-94DF-B4AD61446A26}
		{561C312E-E9A0-4521-A370-AC2CF1DE21CC} = {561C312E-E9A0-4521-A370-AC2CF1DE21CC}
		{E195234E-9860-4A1A-B07C-EADFF902D0F1} = {E195234E-9860-4A1A-B07C-EADFF902D0F1}
		{1AACDFB8-5BAE-4E9D-BA07-800661E0D733} = {1AACDFB8-5BAE-4E9D-BA07-800661E0D733}
		{5F871BCA-EC5A-49EE-8B9A-FC2647FFB484} = {5F871BCA-EC5A-49EE-8B9A-FC2647FFB484}
	EndProjectSection
EndProject
Project("{8BC9CEB8-8B4A-11D0-8D11-00A0C91BC942}") = "Shell32ReplacementLibrary", "..\replacement\Shell32ReplacementLibrary\Shell32ReplacementLibrary.vcproj", "{F6EF4120-F445-4620-8E69-0C0B2A816A10}"
	ProjectSection(ProjectDependencies) = postProject
		{EDEE9E0B-4B27-4166-94DF-B4AD61446A26} = {EDEE9E0B-4B27-4166-94DF-B4AD61446A26}
		{561C312E-E9A0-4521-A370-AC2CF1DE21CC} = {561C312E-E9A0-4521-A370-AC2CF1DE21CC}
		{E195234E-9860-4A1A-B07C-EADFF902D0F1} = {E195234E-9860-4A1A-B07C-EADFF902D0F1}
		{1AACDFB8-5BAE-4E9D-BA07-800661E0D733} = {1AACDFB8-5BAE-4E9D-BA07-800661E0D733}
		{5F871BCA-EC5A-49EE-8B9A-FC2647FFB484} = {5F871BCA-EC5A-49EE-8B9A-FC2647FFB484}
	EndProjectSection
EndProject
Project("{8BC9CEB8-8B4A-11D0-8D11-00A0C91BC942}") = "MsvCr70dReplacementLibrary", "..\replacement\MsvCr70dReplacementLibrary\MsvCr70dReplacementLibrary.vcproj", "{F6EF4120-F445-4620-8E69-0C0B2A816A10}"
	ProjectSection(ProjectDependencies) = postProject
		{EDEE9E0B-4B27-4166-94DF-B4AD61446A26} = {EDEE9E0B-4B27-4166-94DF-B4AD61446A26}
		{561C312E-E9A0-4521-A370-AC2CF1DE21CC} = {561C312E-E9A0-4521-A370-AC2CF1DE21CC}
		{E195234E-9860-4A1A-B07C-EADFF902D0F1} = {E195234E-9860-4A1A-B07C-EADFF902D0F1}
		{1AACDFB8-5BAE-4E9D-BA07-800661E0D733} = {1AACDFB8-5BAE-4E9D-BA07-800661E0D733}
		{5F871BCA-EC5A-49EE-8B9A-FC2647FFB484} = {5F871BCA-EC5A-49EE-8B9A-FC2647FFB484}
	EndProjectSection
EndProject
Project("{8BC9CEB8-8B4A-11D0-8D11-00A0C91BC942}") = "MsvCr70ReplacementLibrary", "..\replacement\MsvCr70ReplacementLibrary\MsvCr70ReplacementLibrary.vcproj", "{F6EF4120-F445-4620-8E69-0C0B2A816A10}"
	ProjectSection(ProjectDependencies) = postProject
		{EDEE9E0B-4B27-4166-94DF-B4AD61446A26} = {EDEE9E0B-4B27-4166-94DF-B4AD61446A26}
		{561C312E-E9A0-4521-A370-AC2CF1DE21CC} = {561C312E-E9A0-4521-A370-AC2CF1DE21CC}
		{E195234E-9860-4A1A-B07C-EADFF902D0F1} = {E195234E-9860-4A1A-B07C-EADFF902D0F1}
		{1AACDFB8-5BAE-4E9D-BA07-800661E0D733} = {1AACDFB8-5BAE-4E9D-BA07-800661E0D733}
		{5F871BCA-EC5A-49EE-8B9A-FC2647FFB484} = {5F871BCA-EC5A-49EE-8B9A-FC2647FFB484}
	EndProjectSection
EndProject
Project("{8BC9CEB8-8B4A-11D0-8D11-00A0C91BC942}") = "MsvCr71dReplacementLibrary", "..\replacement\MsvCr71dReplacementLibrary\MsvCr71dReplacementLibrary.vcproj", "{F6EF4120-F445-4620-8E69-0C0B2A816A10}"
	ProjectSection(ProjectDependencies) = postProject
		{EDEE9E0B-4B27-4166-94DF-B4AD61446A26} = {EDEE9E0B-4B27-4166-94DF-B4AD61446A26}
		{E195234E-9860-4A1A-B07C-EADFF902D0F1} = {E195234E-9860-4A1A-B07C-EADFF902D0F1}
		{C69ACA6D-6218-4B76-9E4B-78EDC840EFA6} = {C69ACA6D-6218-4B76-9E4B-78EDC840EFA6}
		{1AACDFB8-5BAE-4E9D-BA07-800661E0D733} = {1AACDFB8-5BAE-4E9D-BA07-800661E0D733}
		{5F871BCA-EC5A-49EE-8B9A-FC2647FFB484} = {5F871BCA-EC5A-49EE-8B9A-FC2647FFB484}
	EndProjectSection
EndProject
Project("{8BC9CEB8-8B4A-11D0-8D11-00A0C91BC942}") = "MsvCr71ReplacementLibrary", "..\replacement\MsvCr71ReplacementLibrary\MsvCr71ReplacementLibrary.vcproj", "{F6EF4120-F445-4620-8E69-0C0B2A816A10}"
	ProjectSection(ProjectDependencies) = postProject
		{EDEE9E0B-4B27-4166-94DF-B4AD61446A26} = {EDEE9E0B-4B27-4166-94DF-B4AD61446A26}
		{561C312E-E9A0-4521-A370-AC2CF1DE21CC} = {561C312E-E9A0-4521-A370-AC2CF1DE21CC}
		{E195234E-9860-4A1A-B07C-EADFF902D0F1} = {E195234E-9860-4A1A-B07C-EADFF902D0F1}
		{1AACDFB8-5BAE-4E9D-BA07-800661E0D733} = {1AACDFB8-5BAE-4E9D-BA07-800661E0D733}
		{5F871BCA-EC5A-49EE-8B9A-FC2647FFB484} = {5F871BCA-EC5A-49EE-8B9A-FC2647FFB484}
	EndProjectSection
EndProject
Project("{8BC9CEB8-8B4A-11D0-8D11-00A0C91BC942}") = "MsvCrt20ReplacementLibrary", "..\replacement\MsvCrt20ReplacementLibrary\MsvCrt20ReplacementLibrary.vcproj", "{F6EF4120-F445-4620-8E69-0C0B2A816A10}"
	ProjectSection(ProjectDependencies) = postProject
		{EDEE9E0B-4B27-4166-94DF-B4AD61446A26} = {EDEE9E0B-4B27-4166-94DF-B4AD61446A26}
		{561C312E-E9A0-4521-A370-AC2CF1DE21CC} = {561C312E-E9A0-4521-A370-AC2CF1DE21CC}
		{E195234E-9860-4A1A-B07C-EADFF902D0F1} = {E195234E-9860-4A1A-B07C-EADFF902D0F1}
		{1AACDFB8-5BAE-4E9D-BA07-800661E0D733} = {1AACDFB8-5BAE-4E9D-BA07-800661E0D733}
		{5F871BCA-EC5A-49EE-8B9A-FC2647FFB484} = {5F871BCA-EC5A-49EE-8B9A-FC2647FFB484}
	EndProjectSection
EndProject
Project("{8BC9CEB8-8B4A-11D0-8D11-00A0C91BC942}") = "MsvCrt40ReplacementLibrary", "..\replacement\MsvCrt40ReplacementLibrary\MsvCrt40ReplacementLibrary.vcproj", "{F6EF4120-F445-4620-8E69-0C0B2A816A10}"
	ProjectSection(ProjectDependencies) = postProject
		{EDEE9E0B-4B27-4166-94DF-B4AD61446A26} = {EDEE9E0B-4B27-4166-94DF-B4AD61446A26}
		{561C312E-E9A0-4521-A370-AC2CF1DE21CC} = {561C312E-E9A0-4521-A370-AC2CF1DE21CC}
		{E195234E-9860-4A1A-B07C-EADFF902D0F1} = {E195234E-9860-4A1A-B07C-EADFF902D0F1}
		{1AACDFB8-5BAE-4E9D-BA07-800661E0D733} = {1AACDFB8-5BAE-4E9D-BA07-800661E0D733}
		{5F871BCA-EC5A-49EE-8B9A-FC2647FFB484} = {5F871BCA-EC5A-49EE-8B9A-FC2647FFB484}
	EndProjectSection
EndProject
Project("{8BC9CEB8-8B4A-11D0-8D11-00A0C91BC942}") = "MsvCrtReplacementLibrary", "..\replacement\MsvCrtReplacementLibrary\MsvCrtReplacementLibrary.vcproj", "{F6EF4120-F445-4620-8E69-0C0B2A816A10}"
	ProjectSection(ProjectDependencies) = postProject
		{EDEE9E0B-4B27-4166-94DF-B4AD61446A26} = {EDEE9E0B-4B27-4166-94DF-B4AD61446A26}
		{561C312E-E9A0-4521-A370-AC2CF1DE21CC} = {561C312E-E9A0-4521-A370-AC2CF1DE21CC}
		{E195234E-9860-4A1A-B07C-EADFF902D0F1} = {E195234E-9860-4A1A-B07C-EADFF902D0F1}
		{5F871BCA-EC5A-49EE-8B9A-FC2647FFB484} = {5F871BCA-EC5A-49EE-8B9A-FC2647FFB484}
	EndProjectSection
EndProject
Project("{FAE04EC0-301F-11D3-BF4B-00C04F79EFBC}") = "GenerateNativeReplacementLibraries", "..\Tools\GenerateNativeReplacementLibraries\GenerateNativeReplacementLibraries.csproj", "{8E4EE569-168F-47EA-B0BB-26109EB7A2E9}"
	ProjectSection(ProjectDependencies) = postProject
	EndProjectSection
EndProject
Project("{8BC9CEB8-8B4A-11D0-8D11-00A0C91BC942}") = "HeatApi", "..\..\..\Old\HD\V2_5\Common\src\HeatApi\HeatApi.vcproj", "{9DAD9ADE-1142-476A-8666-EF27E6DE16F7}"
	ProjectSection(ProjectDependencies) = postProject
	EndProjectSection
EndProject
Project("{8BC9CEB8-8B4A-11D0-8D11-00A0C91BC942}") = "HeatDll", "..\..\..\Old\HD\V2_5\Common\src\HeatDll\HeatDll.vcproj", "{C13FA4B8-04E0-4341-81DD-D76B4A548C89}"
	ProjectSection(ProjectDependencies) = postProject
	EndProjectSection
EndProject
Project("{FAE04EC0-301F-11D3-BF4B-00C04F79EFBC}") = "MagicLibrary", "..\..\..\Old\HD\V2_5\Common\src\MagicLibrary\MagicLibrary.csproj", "{92F94EA0-9910-4895-B8A1-FED1543A9DA1}"
	ProjectSection(ProjectDependencies) = postProject
	EndProjectSection
EndProject
Project("{8BC9CEB8-8B4A-11D0-8D11-00A0C91BC942}") = "ProductRegistrationLibrary", "..\..\..\Old\HD\V2_5\Common\src\ProductRegistrationLibrary\ProductRegistrationLibrary.vcproj", "{76E60E72-2BC4-445D-B906-66E0AD34613A}"
	ProjectSection(ProjectDependencies) = postProject
		{EDEE9E0B-4B27-4166-94DF-B4AD61446A26} = {EDEE9E0B-4B27-4166-94DF-B4AD61446A26}
	EndProjectSection
EndProject
Project("{8BC9CEB8-8B4A-11D0-8D11-00A0C91BC942}") = "SIControls", "..\..\..\Old\HD\V2_5\Common\src\SIControls\SIControls.vcproj", "{1AF6F214-A564-43BC-B4FF-D0EA63A73A33}"
	ProjectSection(ProjectDependencies) = postProject
	EndProjectSection
EndProject
Project("{8BC9CEB8-8B4A-11D0-8D11-00A0C91BC942}") = "SiUtils", "..\..\..\Old\HD\V2_5\Common\src\SiUtils\SiUtils.vcproj", "{EDEE9E0B-4B27-4166-94DF-B4AD61446A26}"
	ProjectSection(ProjectDependencies) = postProject
	EndProjectSection
EndProject
Project("{8BC9CEB8-8B4A-11D0-8D11-00A0C91BC942}") = "ReplacementLibraryWrapper", "..\ReplacementLibraryWrapper\ReplacementLibraryWrapper.vcproj", "{0454D743-7398-4E6B-862C-B17635F10708}"
	ProjectSection(ProjectDependencies) = postProject
		{EDEE9E0B-4B27-4166-94DF-B4AD61446A26} = {EDEE9E0B-4B27-4166-94DF-B4AD61446A26}
		{E195234E-9860-4A1A-B07C-EADFF902D0F1} = {E195234E-9860-4A1A-B07C-EADFF902D0F1}
		{5F871BCA-EC5A-49EE-8B9A-FC2647FFB484} = {5F871BCA-EC5A-49EE-8B9A-FC2647FFB484}
	EndProjectSection
EndProject
Global
	GlobalSection(SolutionConfiguration) = preSolution
		Debug = Debug
		Release = Release
		StrongMagic = StrongMagic
	EndGlobalSection
	GlobalSection(ProjectConfiguration) = postSolution
		{1AACDFB8-5BAE-4E9D-BA07-800661E0D733}.Debug.ActiveCfg = Debug|Win32
		{1AACDFB8-5BAE-4E9D-BA07-800661E0D733}.Debug.Build.0 = Debug|Win32
		{1AACDFB8-5BAE-4E9D-BA07-800661E0D733}.Release.ActiveCfg = Release|Win32
		{1AACDFB8-5BAE-4E9D-BA07-800661E0D733}.Release.Build.0 = Release|Win32
		{1AACDFB8-5BAE-4E9D-BA07-800661E0D733}.StrongMagic.ActiveCfg = Release|Win32
		{1AACDFB8-5BAE-4E9D-BA07-800661E0D733}.StrongMagic.Build.0 = Release|Win32
		{C4F46BD0-D415-4E89-A5E1-EA0520CB2189}.Debug.ActiveCfg = Debug|Win32
		{C4F46BD0-D415-4E89-A5E1-EA0520CB2189}.Release.ActiveCfg = Release|Win32
		{C4F46BD0-D415-4E89-A5E1-EA0520CB2189}.StrongMagic.ActiveCfg = Release|Win32
		{2B739652-924E-4FAA-915B-60BD213EBE96}.Debug.ActiveCfg = Debug|Win32
		{2B739652-924E-4FAA-915B-60BD213EBE96}.Debug.Build.0 = Debug|Win32
		{2B739652-924E-4FAA-915B-60BD213EBE96}.Release.ActiveCfg = Release|Win32
		{2B739652-924E-4FAA-915B-60BD213EBE96}.Release.Build.0 = Release|Win32
		{2B739652-924E-4FAA-915B-60BD213EBE96}.StrongMagic.ActiveCfg = Release|Win32
		{2B739652-924E-4FAA-915B-60BD213EBE96}.StrongMagic.Build.0 = Release|Win32
		{E63FB9C7-53C4-4A60-B6B2-91027174BD74}.Debug.ActiveCfg = Debug|.NET
		{E63FB9C7-53C4-4A60-B6B2-91027174BD74}.Debug.Build.0 = Debug|.NET
		{E63FB9C7-53C4-4A60-B6B2-91027174BD74}.Release.ActiveCfg = Release|.NET
		{E63FB9C7-53C4-4A60-B6B2-91027174BD74}.Release.Build.0 = Release|.NET
		{E63FB9C7-53C4-4A60-B6B2-91027174BD74}.StrongMagic.ActiveCfg = Release|.NET
		{E63FB9C7-53C4-4A60-B6B2-91027174BD74}.StrongMagic.Build.0 = Release|.NET
		{155D98E3-DB9E-4299-B6D0-CDD93BABFBBA}.Debug.ActiveCfg = Debug|Win32
		{155D98E3-DB9E-4299-B6D0-CDD93BABFBBA}.Debug.Build.0 = Debug|Win32
		{155D98E3-DB9E-4299-B6D0-CDD93BABFBBA}.Release.ActiveCfg = Release|Win32
		{155D98E3-DB9E-4299-B6D0-CDD93BABFBBA}.Release.Build.0 = Release|Win32
		{155D98E3-DB9E-4299-B6D0-CDD93BABFBBA}.StrongMagic.ActiveCfg = Release|Win32
		{155D98E3-DB9E-4299-B6D0-CDD93BABFBBA}.StrongMagic.Build.0 = Release|Win32
		{584BBC22-1F6F-40C7-A5A7-811B9A04E066}.Debug.ActiveCfg = Debug|Win32
		{584BBC22-1F6F-40C7-A5A7-811B9A04E066}.Debug.Build.0 = Debug|Win32
		{584BBC22-1F6F-40C7-A5A7-811B9A04E066}.Release.ActiveCfg = Release|Win32
		{584BBC22-1F6F-40C7-A5A7-811B9A04E066}.Release.Build.0 = Release|Win32
		{584BBC22-1F6F-40C7-A5A7-811B9A04E066}.StrongMagic.ActiveCfg = Release|Win32
		{584BBC22-1F6F-40C7-A5A7-811B9A04E066}.StrongMagic.Build.0 = Release|Win32
		{5F871BCA-EC5A-49EE-8B9A-FC2647FFB484}.Debug.ActiveCfg = Debug|Win32
		{5F871BCA-EC5A-49EE-8B9A-FC2647FFB484}.Debug.Build.0 = Debug|Win32
		{5F871BCA-EC5A-49EE-8B9A-FC2647FFB484}.Release.ActiveCfg = Release|Win32
		{5F871BCA-EC5A-49EE-8B9A-FC2647FFB484}.Release.Build.0 = Release|Win32
		{5F871BCA-EC5A-49EE-8B9A-FC2647FFB484}.StrongMagic.ActiveCfg = Release|Win32
		{5F871BCA-EC5A-49EE-8B9A-FC2647FFB484}.StrongMagic.Build.0 = Release|Win32
		{561C312E-E9A0-4521-A370-AC2CF1DE21CC}.Debug.ActiveCfg = Debug|Win32
		{561C312E-E9A0-4521-A370-AC2CF1DE21CC}.Debug.Build.0 = Debug|Win32
		{561C312E-E9A0-4521-A370-AC2CF1DE21CC}.Release.ActiveCfg = Release|Win32
		{561C312E-E9A0-4521-A370-AC2CF1DE21CC}.Release.Build.0 = Release|Win32
		{561C312E-E9A0-4521-A370-AC2CF1DE21CC}.StrongMagic.ActiveCfg = Release|Win32
		{561C312E-E9A0-4521-A370-AC2CF1DE21CC}.StrongMagic.Build.0 = Release|Win32
		{E195234E-9860-4A1A-B07C-EADFF902D0F1}.Debug.ActiveCfg = Debug|Win32
		{E195234E-9860-4A1A-B07C-EADFF902D0F1}.Debug.Build.0 = Debug|Win32
		{E195234E-9860-4A1A-B07C-EADFF902D0F1}.Release.ActiveCfg = Release|Win32
		{E195234E-9860-4A1A-B07C-EADFF902D0F1}.Release.Build.0 = Release|Win32
		{E195234E-9860-4A1A-B07C-EADFF902D0F1}.StrongMagic.ActiveCfg = Release|Win32
		{E195234E-9860-4A1A-B07C-EADFF902D0F1}.StrongMagic.Build.0 = Release|Win32
		{3E3275EB-E51E-4D1F-B89B-A6084AF37105}.Debug.ActiveCfg = Debug|Win32
		{3E3275EB-E51E-4D1F-B89B-A6084AF37105}.Debug.Build.0 = Debug|Win32
		{3E3275EB-E51E-4D1F-B89B-A6084AF37105}.Release.ActiveCfg = Release|Win32
		{3E3275EB-E51E-4D1F-B89B-A6084AF37105}.Release.Build.0 = Release|Win32
		{3E3275EB-E51E-4D1F-B89B-A6084AF37105}.StrongMagic.ActiveCfg = Release|Win32
		{3E3275EB-E51E-4D1F-B89B-A6084AF37105}.StrongMagic.Build.0 = Release|Win32
		{31C88D23-7B0F-4B27-B418-30CC266C4386}.Debug.ActiveCfg = Debug|.NET
		{31C88D23-7B0F-4B27-B418-30CC266C4386}.Debug.Build.0 = Debug|.NET
		{31C88D23-7B0F-4B27-B418-30CC266C4386}.Release.ActiveCfg = Release|.NET
		{31C88D23-7B0F-4B27-B418-30CC266C4386}.Release.Build.0 = Release|.NET
		{31C88D23-7B0F-4B27-B418-30CC266C4386}.StrongMagic.ActiveCfg = Release|.NET
		{31C88D23-7B0F-4B27-B418-30CC266C4386}.StrongMagic.Build.0 = Release|.NET
		{BD796E4E-DEA2-456C-84EC-AB208184774C}.Debug.ActiveCfg = Debug|Win32
		{BD796E4E-DEA2-456C-84EC-AB208184774C}.Debug.Build.0 = Debug|Win32
		{BD796E4E-DEA2-456C-84EC-AB208184774C}.Release.ActiveCfg = Release|Win32
		{BD796E4E-DEA2-456C-84EC-AB208184774C}.Release.Build.0 = Release|Win32
		{BD796E4E-DEA2-456C-84EC-AB208184774C}.StrongMagic.ActiveCfg = Release|Win32
		{BD796E4E-DEA2-456C-84EC-AB208184774C}.StrongMagic.Build.0 = Release|Win32
		{3580B410-0148-4744-9C3E-5D82C69D8142}.Debug.ActiveCfg = Debug|Win32
		{3580B410-0148-4744-9C3E-5D82C69D8142}.Debug.Build.0 = Debug|Win32
		{3580B410-0148-4744-9C3E-5D82C69D8142}.Release.ActiveCfg = Release|Win32
		{3580B410-0148-4744-9C3E-5D82C69D8142}.Release.Build.0 = Release|Win32
		{3580B410-0148-4744-9C3E-5D82C69D8142}.StrongMagic.ActiveCfg = Release|Win32
		{3580B410-0148-4744-9C3E-5D82C69D8142}.StrongMagic.Build.0 = Release|Win32
		{F6EF4120-F445-4620-8E69-0C0B2A816A10}.Debug.ActiveCfg = Debug|Win32
		{F6EF4120-F445-4620-8E69-0C0B2A816A10}.Debug.Build.0 = Debug|Win32
		{F6EF4120-F445-4620-8E69-0C0B2A816A10}.Release.ActiveCfg = Release|Win32
		{F6EF4120-F445-4620-8E69-0C0B2A816A10}.Release.Build.0 = Release|Win32
		{F6EF4120-F445-4620-8E69-0C0B2A816A10}.StrongMagic.ActiveCfg = Release|Win32
		{F6EF4120-F445-4620-8E69-0C0B2A816A10}.StrongMagic.Build.0 = Release|Win32
		{0FCCB23D-6467-4389-A2D9-9E60F2D6FB4D}.Debug.ActiveCfg = Debug|.NET
		{0FCCB23D-6467-4389-A2D9-9E60F2D6FB4D}.Debug.Build.0 = Debug|.NET
		{0FCCB23D-6467-4389-A2D9-9E60F2D6FB4D}.Release.ActiveCfg = Release|.NET
		{0FCCB23D-6467-4389-A2D9-9E60F2D6FB4D}.Release.Build.0 = Release|.NET
		{0FCCB23D-6467-4389-A2D9-9E60F2D6FB4D}.StrongMagic.ActiveCfg = Release|.NET
		{0FCCB23D-6467-4389-A2D9-9E60F2D6FB4D}.StrongMagic.Build.0 = Release|.NET
		{F1DD56CA-1BF5-4D7D-AFF9-5A765BDB9F24}.Debug.ActiveCfg = Debug|.NET
		{F1DD56CA-1BF5-4D7D-AFF9-5A765BDB9F24}.Debug.Build.0 = Debug|.NET
		{F1DD56CA-1BF5-4D7D-AFF9-5A765BDB9F24}.Release.ActiveCfg = Release|.NET
		{F1DD56CA-1BF5-4D7D-AFF9-5A765BDB9F24}.Release.Build.0 = Release|.NET
		{F1DD56CA-1BF5-4D7D-AFF9-5A765BDB9F24}.StrongMagic.ActiveCfg = Release|.NET
		{F1DD56CA-1BF5-4D7D-AFF9-5A765BDB9F24}.StrongMagic.Build.0 = Release|.NET
		{54039DC5-994B-449A-8D75-D4815FD4F87B}.Debug.ActiveCfg = Debug|.NET
		{54039DC5-994B-449A-8D75-D4815FD4F87B}.Debug.Build.0 = Debug|.NET
		{54039DC5-994B-449A-8D75-D4815FD4F87B}.Release.ActiveCfg = Release|.NET
		{54039DC5-994B-449A-8D75-D4815FD4F87B}.Release.Build.0 = Release|.NET
		{54039DC5-994B-449A-8D75-D4815FD4F87B}.StrongMagic.ActiveCfg = Release|.NET
		{54039DC5-994B-449A-8D75-D4815FD4F87B}.StrongMagic.Build.0 = Release|.NET
		{5FDBFB97-B2B6-439A-A98A-AB5FA65F975A}.Debug.ActiveCfg = Debug|.NET
		{5FDBFB97-B2B6-439A-A98A-AB5FA65F975A}.Debug.Build.0 = Debug|.NET
		{5FDBFB97-B2B6-439A-A98A-AB5FA65F975A}.Release.ActiveCfg = Release|.NET
		{5FDBFB97-B2B6-439A-A98A-AB5FA65F975A}.Release.Build.0 = Release|.NET
		{5FDBFB97-B2B6-439A-A98A-AB5FA65F975A}.StrongMagic.ActiveCfg = Release|.NET
		{5FDBFB97-B2B6-439A-A98A-AB5FA65F975A}.StrongMagic.Build.0 = Release|.NET
		{13F30C5B-D332-4D7D-A006-CF5EC02C44E0}.Debug.ActiveCfg = Debug|Win32
		{13F30C5B-D332-4D7D-A006-CF5EC02C44E0}.Debug.Build.0 = Debug|Win32
		{13F30C5B-D332-4D7D-A006-CF5EC02C44E0}.Release.ActiveCfg = Release|Win32
		{13F30C5B-D332-4D7D-A006-CF5EC02C44E0}.Release.Build.0 = Release|Win32
		{13F30C5B-D332-4D7D-A006-CF5EC02C44E0}.StrongMagic.ActiveCfg = Release|Win32
		{13F30C5B-D332-4D7D-A006-CF5EC02C44E0}.StrongMagic.Build.0 = Release|Win32
		{C69ACA6D-6218-4B76-9E4B-78EDC840EFA6}.Debug.ActiveCfg = Debug|Win32
		{C69ACA6D-6218-4B76-9E4B-78EDC840EFA6}.Debug.Build.0 = Debug|Win32
		{C69ACA6D-6218-4B76-9E4B-78EDC840EFA6}.Release.ActiveCfg = Release|Win32
		{C69ACA6D-6218-4B76-9E4B-78EDC840EFA6}.Release.Build.0 = Release|Win32
		{C69ACA6D-6218-4B76-9E4B-78EDC840EFA6}.StrongMagic.ActiveCfg = Release|Win32
		{C69ACA6D-6218-4B76-9E4B-78EDC840EFA6}.StrongMagic.Build.0 = Release|Win32
		{F163B002-2DF0-4344-8A74-9A4267861A2C}.Debug.ActiveCfg = Debug|Win32
		{F163B002-2DF0-4344-8A74-9A4267861A2C}.Debug.Build.0 = Debug|Win32
		{F163B002-2DF0-4344-8A74-9A4267861A2C}.Release.ActiveCfg = Release|Win32
		{F163B002-2DF0-4344-8A74-9A4267861A2C}.Release.Build.0 = Release|Win32
		{F163B002-2DF0-4344-8A74-9A4267861A2C}.StrongMagic.ActiveCfg = Release|Win32
		{F163B002-2DF0-4344-8A74-9A4267861A2C}.StrongMagic.Build.0 = Release|Win32
		{55C8E71A-E89A-4A5E-A4F1-F44BFB092294}.Debug.ActiveCfg = Debug|Win32
		{55C8E71A-E89A-4A5E-A4F1-F44BFB092294}.Debug.Build.0 = Debug|Win32
		{55C8E71A-E89A-4A5E-A4F1-F44BFB092294}.Release.ActiveCfg = Release|Win32
		{55C8E71A-E89A-4A5E-A4F1-F44BFB092294}.Release.Build.0 = Release|Win32
		{55C8E71A-E89A-4A5E-A4F1-F44BFB092294}.StrongMagic.ActiveCfg = Release|Win32
		{55C8E71A-E89A-4A5E-A4F1-F44BFB092294}.StrongMagic.Build.0 = Release|Win32
		{541E09B1-311D-4003-9A1C-8043977F0293}.Debug.ActiveCfg = Debug|Win32
		{541E09B1-311D-4003-9A1C-8043977F0293}.Debug.Build.0 = Debug|Win32
		{541E09B1-311D-4003-9A1C-8043977F0293}.Release.ActiveCfg = Release|Win32
		{541E09B1-311D-4003-9A1C-8043977F0293}.Release.Build.0 = Release|Win32
		{541E09B1-311D-4003-9A1C-8043977F0293}.StrongMagic.ActiveCfg = Release|Win32
		{541E09B1-311D-4003-9A1C-8043977F0293}.StrongMagic.Build.0 = Release|Win32
		{E9220C76-98AE-471E-BC4B-54F98012B8DA}.Debug.ActiveCfg = Debug|.NET
		{E9220C76-98AE-471E-BC4B-54F98012B8DA}.Debug.Build.0 = Debug|.NET
		{E9220C76-98AE-471E-BC4B-54F98012B8DA}.Release.ActiveCfg = Release|.NET
		{E9220C76-98AE-471E-BC4B-54F98012B8DA}.Release.Build.0 = Release|.NET
		{E9220C76-98AE-471E-BC4B-54F98012B8DA}.StrongMagic.ActiveCfg = Release|.NET
		{E9220C76-98AE-471E-BC4B-54F98012B8DA}.StrongMagic.Build.0 = Release|.NET
		{B03B1DC6-5880-479D-9D78-272B9338BE99}.Debug.ActiveCfg = Debug|.NET
		{B03B1DC6-5880-479D-9D78-272B9338BE99}.Debug.Build.0 = Debug|.NET
		{B03B1DC6-5880-479D-9D78-272B9338BE99}.Release.ActiveCfg = Release|.NET
		{B03B1DC6-5880-479D-9D78-272B9338BE99}.Release.Build.0 = Release|.NET
		{B03B1DC6-5880-479D-9D78-272B9338BE99}.StrongMagic.ActiveCfg = Release|.NET
		{B03B1DC6-5880-479D-9D78-272B9338BE99}.StrongMagic.Build.0 = Release|.NET
		{9ED2548B-49CF-4A7B-BEE4-58DF0F230E32}.Debug.ActiveCfg = Debug|Win32
		{9ED2548B-49CF-4A7B-BEE4-58DF0F230E32}.Debug.Build.0 = Debug|Win32
		{9ED2548B-49CF-4A7B-BEE4-58DF0F230E32}.Release.ActiveCfg = Release|Win32
		{9ED2548B-49CF-4A7B-BEE4-58DF0F230E32}.Release.Build.0 = Release|Win32
		{9ED2548B-49CF-4A7B-BEE4-58DF0F230E32}.StrongMagic.ActiveCfg = Release|Win32
		{9ED2548B-49CF-4A7B-BEE4-58DF0F230E32}.StrongMagic.Build.0 = Release|Win32
		{1537438F-8A31-4D45-8871-043EAF28204C}.Debug.ActiveCfg = Debug|Win32
		{1537438F-8A31-4D45-8871-043EAF28204C}.Debug.Build.0 = Debug|Win32
		{1537438F-8A31-4D45-8871-043EAF28204C}.Release.ActiveCfg = Release|Win32
		{1537438F-8A31-4D45-8871-043EAF28204C}.Release.Build.0 = Release|Win32
		{1537438F-8A31-4D45-8871-043EAF28204C}.StrongMagic.ActiveCfg = Release|Win32
		{1537438F-8A31-4D45-8871-043EAF28204C}.StrongMagic.Build.0 = Release|Win32
		{F6EF4120-F445-4620-8E69-0C0B2A816A10}.Debug.ActiveCfg = Debug|Win32
		{F6EF4120-F445-4620-8E69-0C0B2A816A10}.Debug.Build.0 = Debug|Win32
		{F6EF4120-F445-4620-8E69-0C0B2A816A10}.Release.ActiveCfg = Release|Win32
		{F6EF4120-F445-4620-8E69-0C0B2A816A10}.Release.Build.0 = Release|Win32
		{F6EF4120-F445-4620-8E69-0C0B2A816A10}.StrongMagic.ActiveCfg = Release|Win32
		{F6EF4120-F445-4620-8E69-0C0B2A816A10}.StrongMagic.Build.0 = Release|Win32
		{F6EF4120-F445-4620-8E69-0C0B2A816A10}.Debug.ActiveCfg = Debug|Win32
		{F6EF4120-F445-4620-8E69-0C0B2A816A10}.Debug.Build.0 = Debug|Win32
		{F6EF4120-F445-4620-8E69-0C0B2A816A10}.Release.ActiveCfg = Release|Win32
		{F6EF4120-F445-4620-8E69-0C0B2A816A10}.Release.Build.0 = Release|Win32
		{F6EF4120-F445-4620-8E69-0C0B2A816A10}.StrongMagic.ActiveCfg = Release|Win32
		{F6EF4120-F445-4620-8E69-0C0B2A816A10}.StrongMagic.Build.0 = Release|Win32
		{F6EF4120-F445-4620-8E69-0C0B2A816A10}.Debug.ActiveCfg = Debug|Win32
		{F6EF4120-F445-4620-8E69-0C0B2A816A10}.Debug.Build.0 = Debug|Win32
		{F6EF4120-F445-4620-8E69-0C0B2A816A10}.Release.ActiveCfg = Release|Win32
		{F6EF4120-F445-4620-8E69-0C0B2A816A10}.Release.Build.0 = Release|Win32
		{F6EF4120-F445-4620-8E69-0C0B2A816A10}.StrongMagic.ActiveCfg = Release|Win32
		{F6EF4120-F445-4620-8E69-0C0B2A816A10}.StrongMagic.Build.0 = Release|Win32
		{F6EF4120-F445-4620-8E69-0C0B2A816A10}.Debug.ActiveCfg = Debug|Win32
		{F6EF4120-F445-4620-8E69-0C0B2A816A10}.Debug.Build.0 = Debug|Win32
		{F6EF4120-F445-4620-8E69-0C0B2A816A10}.Release.ActiveCfg = Release|Win32
		{F6EF4120-F445-4620-8E69-0C0B2A816A10}.Release.Build.0 = Release|Win32
		{F6EF4120-F445-4620-8E69-0C0B2A816A10}.StrongMagic.ActiveCfg = Release|Win32
		{F6EF4120-F445-4620-8E69-0C0B2A816A10}.StrongMagic.Build.0 = Release|Win32
		{F6EF4120-F445-4620-8E69-0C0B2A816A10}.Debug.ActiveCfg = Debug|Win32
		{F6EF4120-F445-4620-8E69-0C0B2A816A10}.Debug.Build.0 = Debug|Win32
		{F6EF4120-F445-4620-8E69-0C0B2A816A10}.Release.ActiveCfg = Release|Win32
		{F6EF4120-F445-4620-8E69-0C0B2A816A10}.Release.Build.0 = Release|Win32
		{F6EF4120-F445-4620-8E69-0C0B2A816A10}.StrongMagic.ActiveCfg = Release|Win32
		{F6EF4120-F445-4620-8E69-0C0B2A816A10}.StrongMagic.Build.0 = Release|Win32
		{F6EF4120-F445-4620-8E69-0C0B2A816A10}.Debug.ActiveCfg = Debug|Win32
		{F6EF4120-F445-4620-8E69-0C0B2A816A10}.Debug.Build.0 = Debug|Win32
		{F6EF4120-F445-4620-8E69-0C0B2A816A10}.Release.ActiveCfg = Release|Win32
		{F6EF4120-F445-4620-8E69-0C0B2A816A10}.Release.Build.0 = Release|Win32
		{F6EF4120-F445-4620-8E69-0C0B2A816A10}.StrongMagic.ActiveCfg = Release|Win32
		{F6EF4120-F445-4620-8E69-0C0B2A816A10}.StrongMagic.Build.0 = Release|Win32
		{F6EF4120-F445-4620-8E69-0C0B2A816A10}.Debug.ActiveCfg = Debug|Win32
		{F6EF4120-F445-4620-8E69-0C0B2A816A10}.Debug.Build.0 = Debug|Win32
		{F6EF4120-F445-4620-8E69-0C0B2A816A10}.Release.ActiveCfg = Release|Win32
		{F6EF4120-F445-4620-8E69-0C0B2A816A10}.Release.Build.0 = Release|Win32
		{F6EF4120-F445-4620-8E69-0C0B2A816A10}.StrongMagic.ActiveCfg = Release|Win32
		{F6EF4120-F445-4620-8E69-0C0B2A816A10}.StrongMagic.Build.0 = Release|Win32
		{F6EF4120-F445-4620-8E69-0C0B2A816A10}.Debug.ActiveCfg = Debug|Win32
		{F6EF4120-F445-4620-8E69-0C0B2A816A10}.Debug.Build.0 = Debug|Win32
		{F6EF4120-F445-4620-8E69-0C0B2A816A10}.Release.ActiveCfg = Release|Win32
		{F6EF4120-F445-4620-8E69-0C0B2A816A10}.Release.Build.0 = Release|Win32
		{F6EF4120-F445-4620-8E69-0C0B2A816A10}.StrongMagic.ActiveCfg = Release|Win32
		{F6EF4120-F445-4620-8E69-0C0B2A816A10}.StrongMagic.Build.0 = Release|Win32
		{F6EF4120-F445-4620-8E69-0C0B2A816A10}.Debug.ActiveCfg = Debug|Win32
		{F6EF4120-F445-4620-8E69-0C0B2A816A10}.Debug.Build.0 = Debug|Win32
		{F6EF4120-F445-4620-8E69-0C0B2A816A10}.Release.ActiveCfg = Release|Win32
		{F6EF4120-F445-4620-8E69-0C0B2A816A10}.Release.Build.0 = Release|Win32
		{F6EF4120-F445-4620-8E69-0C0B2A816A10}.StrongMagic.ActiveCfg = Release|Win32
		{F6EF4120-F445-4620-8E69-0C0B2A816A10}.StrongMagic.Build.0 = Release|Win32
		{F6EF4120-F445-4620-8E69-0C0B2A816A10}.Debug.ActiveCfg = Debug|Win32
		{F6EF4120-F445-4620-8E69-0C0B2A816A10}.Debug.Build.0 = Debug|Win32
		{F6EF4120-F445-4620-8E69-0C0B2A816A10}.Release.ActiveCfg = Release|Win32
		{F6EF4120-F445-4620-8E69-0C0B2A816A10}.Release.Build.0 = Release|Win32
		{F6EF4120-F445-4620-8E69-0C0B2A816A10}.StrongMagic.ActiveCfg = Release|Win32
		{F6EF4120-F445-4620-8E69-0C0B2A816A10}.StrongMagic.Build.0 = Release|Win32
		{F6EF4120-F445-4620-8E69-0C0B2A816A10}.Debug.ActiveCfg = Debug|Win32
		{F6EF4120-F445-4620-8E69-0C0B2A816A10}.Debug.Build.0 = Debug|Win32
		{F6EF4120-F445-4620-8E69-0C0B2A816A10}.Release.ActiveCfg = Release|Win32
		{F6EF4120-F445-4620-8E69-0C0B2A816A10}.Release.Build.0 = Release|Win32
		{F6EF4120-F445-4620-8E69-0C0B2A816A10}.StrongMagic.ActiveCfg = Release|Win32
		{F6EF4120-F445-4620-8E69-0C0B2A816A10}.StrongMagic.Build.0 = Release|Win32
		{8E4EE569-168F-47EA-B0BB-26109EB7A2E9}.Debug.ActiveCfg = Debug|.NET
		{8E4EE569-168F-47EA-B0BB-26109EB7A2E9}.Debug.Build.0 = Debug|.NET
		{8E4EE569-168F-47EA-B0BB-26109EB7A2E9}.Release.ActiveCfg = Release|.NET
		{8E4EE569-168F-47EA-B0BB-26109EB7A2E9}.Release.Build.0 = Release|.NET
		{8E4EE569-168F-47EA-B0BB-26109EB7A2E9}.StrongMagic.ActiveCfg = Release|.NET
		{8E4EE569-168F-47EA-B0BB-26109EB7A2E9}.StrongMagic.Build.0 = Release|.NET
		{9DAD9ADE-1142-476A-8666-EF27E6DE16F7}.Debug.ActiveCfg = Debug|Win32
		{9DAD9ADE-1142-476A-8666-EF27E6DE16F7}.Debug.Build.0 = Debug|Win32
		{9DAD9ADE-1142-476A-8666-EF27E6DE16F7}.Release.ActiveCfg = Release|Win32
		{9DAD9ADE-1142-476A-8666-EF27E6DE16F7}.Release.Build.0 = Release|Win32
		{9DAD9ADE-1142-476A-8666-EF27E6DE16F7}.StrongMagic.ActiveCfg = Release|Win32
		{9DAD9ADE-1142-476A-8666-EF27E6DE16F7}.StrongMagic.Build.0 = Release|Win32
		{C13FA4B8-04E0-4341-81DD-D76B4A548C89}.Debug.ActiveCfg = Release|Win32
		{C13FA4B8-04E0-4341-81DD-D76B4A548C89}.Debug.Build.0 = Release|Win32
		{C13FA4B8-04E0-4341-81DD-D76B4A548C89}.Release.ActiveCfg = Release|Win32
		{C13FA4B8-04E0-4341-81DD-D76B4A548C89}.Release.Build.0 = Release|Win32
		{C13FA4B8-04E0-4341-81DD-D76B4A548C89}.StrongMagic.ActiveCfg = Release|Win32
		{C13FA4B8-04E0-4341-81DD-D76B4A548C89}.StrongMagic.Build.0 = Release|Win32
		{92F94EA0-9910-4895-B8A1-FED1543A9DA1}.Debug.ActiveCfg = Debug|.NET
		{92F94EA0-9910-4895-B8A1-FED1543A9DA1}.Debug.Build.0 = Debug|.NET
		{92F94EA0-9910-4895-B8A1-FED1543A9DA1}.Release.ActiveCfg = Release|.NET
		{92F94EA0-9910-4895-B8A1-FED1543A9DA1}.Release.Build.0 = Release|.NET
		{92F94EA0-9910-4895-B8A1-FED1543A9DA1}.StrongMagic.ActiveCfg = StrongMagic|.NET
		{92F94EA0-9910-4895-B8A1-FED1543A9DA1}.StrongMagic.Build.0 = StrongMagic|.NET
		{76E60E72-2BC4-445D-B906-66E0AD34613A}.Debug.ActiveCfg = Debug|Win32
		{76E60E72-2BC4-445D-B906-66E0AD34613A}.Debug.Build.0 = Debug|Win32
		{76E60E72-2BC4-445D-B906-66E0AD34613A}.Release.ActiveCfg = Release|Win32
		{76E60E72-2BC4-445D-B906-66E0AD34613A}.Release.Build.0 = Release|Win32
		{76E60E72-2BC4-445D-B906-66E0AD34613A}.StrongMagic.ActiveCfg = Release|Win32
		{76E60E72-2BC4-445D-B906-66E0AD34613A}.StrongMagic.Build.0 = Release|Win32
		{1AF6F214-A564-43BC-B4FF-D0EA63A73A33}.Debug.ActiveCfg = Debug|Win32
		{1AF6F214-A564-43BC-B4FF-D0EA63A73A33}.Debug.Build.0 = Debug|Win32
		{1AF6F214-A564-43BC-B4FF-D0EA63A73A33}.Release.ActiveCfg = Release|Win32
		{1AF6F214-A564-43BC-B4FF-D0EA63A73A33}.Release.Build.0 = Release|Win32
		{1AF6F214-A564-43BC-B4FF-D0EA63A73A33}.StrongMagic.ActiveCfg = Release|Win32
		{1AF6F214-A564-43BC-B4FF-D0EA63A73A33}.StrongMagic.Build.0 = Release|Win32
		{EDEE9E0B-4B27-4166-94DF-B4AD61446A26}.Debug.ActiveCfg = Debug|Win32
		{EDEE9E0B-4B27-4166-94DF-B4AD61446A26}.Debug.Build.0 = Debug|Win32
		{EDEE9E0B-4B27-4166-94DF-B4AD61446A26}.Release.ActiveCfg = Release|Win32
		{EDEE9E0B-4B27-4166-94DF-B4AD61446A26}.Release.Build.0 = Release|Win32
		{EDEE9E0B-4B27-4166-94DF-B4AD61446A26}.StrongMagic.ActiveCfg = Release|Win32
		{EDEE9E0B-4B27-4166-94DF-B4AD61446A26}.StrongMagic.Build.0 = Release|Win32
		{0454D743-7398-4E6B-862C-B17635F10708}.Debug.ActiveCfg = Debug|Win32
		{0454D743-7398-4E6B-862C-B17635F10708}.Debug.Build.0 = Debug|Win32
		{0454D743-7398-4E6B-862C-B17635F10708}.Release.ActiveCfg = Release|Win32
		{0454D743-7398-4E6B-862C-B17635F10708}.Release.Build.0 = Release|Win32
		{0454D743-7398-4E6B-862C-B17635F10708}.StrongMagic.ActiveCfg = Release|Win32
		{0454D743-7398-4E6B-862C-B17635F10708}.StrongMagic.Build.0 = Release|Win32
	EndGlobalSection
	GlobalSection(ExtensibilityGlobals) = postSolution
	EndGlobalSection
	GlobalSection(ExtensibilityAddIns) = postSolution
	EndGlobalSection
EndGlobal
