Microsoft Visual Studio Solution File, Format Version 8.00
Project("{FAE04EC0-301F-11D3-BF4B-00C04F79EFBC}") = "TestingXML", "TestingXML\TestingXML.csproj", "{7681C668-3C59-4EB7-AF6B-7213BB002FB2}"
	ProjectSection(ProjectDependencies) = postProject
	EndProjectSection
EndProject
Project("{FAE04EC0-301F-11D3-BF4B-00C04F79EFBC}") = "TestFramework", "..\..\Frameworks\ExecutionFramework\TestFramework.csproj", "{7BF8D97C-4669-4E36-BB1D-C5ED6ADC8386}"
	ProjectSection(ProjectDependencies) = postProject
	EndProjectSection
EndProject
Project("{FAE04EC0-301F-11D3-BF4B-00C04F79EFBC}") = "UIFramework", "..\..\Frameworks\UIFramework\UIFramework.csproj", "{8ECCB304-E881-4652-9561-D4B891EF4BA7}"
	ProjectSection(ProjectDependencies) = postProject
	EndProjectSection
EndProject
Project("{8BC9CEB8-8B4A-11D0-8D11-00A0C91BC942}") = "Helper_dll", "..\..\Frameworks\UIFramework\Helper_dll\Helper_dll.vcproj", "{15A90CE2-7EE6-4210-ADEB-03332519B762}"
	ProjectSection(ProjectDependencies) = postProject
	EndProjectSection
EndProject
Global
	GlobalSection(SolutionConfiguration) = preSolution
		Debug = Debug
		Release = Release
	EndGlobalSection
	GlobalSection(ProjectConfiguration) = postSolution
		{7681C668-3C59-4EB7-AF6B-7213BB002FB2}.Debug.ActiveCfg = Debug|.NET
		{7681C668-3C59-4EB7-AF6B-7213BB002FB2}.Debug.Build.0 = Debug|.NET
		{7681C668-3C59-4EB7-AF6B-7213BB002FB2}.Release.ActiveCfg = Release|.NET
		{7681C668-3C59-4EB7-AF6B-7213BB002FB2}.Release.Build.0 = Release|.NET
		{7BF8D97C-4669-4E36-BB1D-C5ED6ADC8386}.Debug.ActiveCfg = Debug|.NET
		{7BF8D97C-4669-4E36-BB1D-C5ED6ADC8386}.Debug.Build.0 = Debug|.NET
		{7BF8D97C-4669-4E36-BB1D-C5ED6ADC8386}.Release.ActiveCfg = Release|.NET
		{7BF8D97C-4669-4E36-BB1D-C5ED6ADC8386}.Release.Build.0 = Release|.NET
		{8ECCB304-E881-4652-9561-D4B891EF4BA7}.Debug.ActiveCfg = Debug|.NET
		{8ECCB304-E881-4652-9561-D4B891EF4BA7}.Debug.Build.0 = Debug|.NET
		{8ECCB304-E881-4652-9561-D4B891EF4BA7}.Release.ActiveCfg = Release|.NET
		{8ECCB304-E881-4652-9561-D4B891EF4BA7}.Release.Build.0 = Release|.NET
		{15A90CE2-7EE6-4210-ADEB-03332519B762}.Debug.ActiveCfg = Debug|Win32
		{15A90CE2-7EE6-4210-ADEB-03332519B762}.Debug.Build.0 = Debug|Win32
		{15A90CE2-7EE6-4210-ADEB-03332519B762}.Release.ActiveCfg = Release|Win32
		{15A90CE2-7EE6-4210-ADEB-03332519B762}.Release.Build.0 = Release|Win32
	EndGlobalSection
	GlobalSection(ExtensibilityGlobals) = postSolution
	EndGlobalSection
	GlobalSection(ExtensibilityAddIns) = postSolution
	EndGlobalSection
EndGlobal
