Microsoft Visual Studio Solution File, Format Version 10.00
# Visual Studio 2008
Project("{8BC9CEB8-8B4A-11D0-8D11-00A0C91BC942}") = "NewIntercepts", "NewIntercepts\NewIntercepts.vcproj", "{C69ACA6D-6218-4B76-9E4B-78EDC840EFA6}"
	ProjectSection(ProjectDependencies) = postProject
		{F163B002-2DF0-4344-8A74-9A4267861A2C} = {F163B002-2DF0-4344-8A74-9A4267861A2C}
		{EDEE9E0B-4B27-4166-94DF-B4AD61446A26} = {EDEE9E0B-4B27-4166-94DF-B4AD61446A26}
		{2B739652-924E-4FAA-915B-60BD213EBE96} = {2B739652-924E-4FAA-915B-60BD213EBE96}
		{92F94EA0-9910-4895-B8A1-FED1543A9DA1} = {92F94EA0-9910-4895-B8A1-FED1543A9DA1}
		{1AACDFB8-5BAE-4E9D-BA07-800661E0D733} = {1AACDFB8-5BAE-4E9D-BA07-800661E0D733}
		{E63FB9C7-53C4-4A60-B6B2-91027174BD74} = {E63FB9C7-53C4-4A60-B6B2-91027174BD74}
	EndProjectSection
EndProject
Project("{8BC9CEB8-8B4A-11D0-8D11-00A0C91BC942}") = "FunctionDatabase", "FunctionDatabase\FunctionDatabase.vcproj", "{2B739652-924E-4FAA-915B-60BD213EBE96}"
EndProject
Project("{FAE04EC0-301F-11D3-BF4B-00C04F79EFBC}") = "GuiSupport", "GuiSupport\GuiSupport.csproj", "{E63FB9C7-53C4-4A60-B6B2-91027174BD74}"
EndProject
Project("{8BC9CEB8-8B4A-11D0-8D11-00A0C91BC942}") = "HeaderParser", "HeaderParser\HD_hFileParser.vcproj", "{F163B002-2DF0-4344-8A74-9A4267861A2C}"
	ProjectSection(ProjectDependencies) = postProject
		{1AACDFB8-5BAE-4E9D-BA07-800661E0D733} = {1AACDFB8-5BAE-4E9D-BA07-800661E0D733}
	EndProjectSection
EndProject
Project("{8BC9CEB8-8B4A-11D0-8D11-00A0C91BC942}") = "CLRInterceptLib", "CLRInterceptLib\CLRInterceptLib.vcproj", "{1AACDFB8-5BAE-4E9D-BA07-800661E0D733}"
EndProject
Project("{FAE04EC0-301F-11D3-BF4B-00C04F79EFBC}") = "MagicLibrary", "MagicLibrary\MagicLibrary.csproj", "{92F94EA0-9910-4895-B8A1-FED1543A9DA1}"
EndProject
Project("{8BC9CEB8-8B4A-11D0-8D11-00A0C91BC942}") = "SiUtils", "SiUtils\SiUtils.vcproj", "{EDEE9E0B-4B27-4166-94DF-B4AD61446A26}"
EndProject
Project("{FAE04EC0-301F-11D3-BF4B-00C04F79EFBC}") = "GenerateReplacementLibrary", "GenerateDotNetReplacementLibrary\GenerateReplacementLibrary.csproj", "{31C88D23-7B0F-4B27-B418-30CC266C4386}"
EndProject
Project("{FAE04EC0-301F-11D3-BF4B-00C04F79EFBC}") = "DotNetReplacementLibrary", "DotNetReplacementLibrary\DotNetReplacementLibrary.csproj", "{E9220C76-98AE-471E-BC4B-54F98012B8DA}"
EndProject
Project("{8BC9CEB8-8B4A-11D0-8D11-00A0C91BC942}") = "DotNetCacheGen", "DotNetCacheGen\DotNetCacheGen.vcproj", "{3E3275EB-E51E-4D1F-B89B-A6084AF37105}"
EndProject
Project("{FAE04EC0-301F-11D3-BF4B-00C04F79EFBC}") = "MSCorLibReplacementLibrary", "MSCorLibReplacementLibrary35\MSCorLibReplacementLibrary.csproj", "{0FCCB23D-6467-4389-A2D9-9E60F2D6FB4D}"
EndProject
Project("{FAE04EC0-301F-11D3-BF4B-00C04F79EFBC}") = "SystemReplacementLibrary", "SystemReplacementLibrary35\SystemReplacementLibrary.csproj", "{F1DD56CA-1BF5-4D7D-AFF9-5A765BDB9F24}"
EndProject
Project("{FAE04EC0-301F-11D3-BF4B-00C04F79EFBC}") = "SystemServiceProcessReplacementLibrary", "SystemServiceProcessReplacementLibrary35\SystemServiceProcessReplacementLibrary.csproj", "{54039DC5-994B-449A-8D75-D4815FD4F87B}"
EndProject
Project("{FAE04EC0-301F-11D3-BF4B-00C04F79EFBC}") = "SystemXMLReplacementLibrary", "SystemXMLReplacementLibrary35\SystemXMLReplacementLibrary.csproj", "{5FDBFB97-B2B6-439A-A98A-AB5FA65F975A}"
EndProject
Project("{FAE04EC0-301F-11D3-BF4B-00C04F79EFBC}") = "HeatDotNet", "HeatDotNet\HeatDotNet.csproj", "{B03B1DC6-5880-479D-9D78-272B9338BE99}"
EndProject
Global
	GlobalSection(SolutionConfigurationPlatforms) = preSolution
		Debug|Any CPU = Debug|Any CPU
		Debug|Mixed Platforms = Debug|Mixed Platforms
		Debug|Win32 = Debug|Win32
		Release|Any CPU = Release|Any CPU
		Release|Mixed Platforms = Release|Mixed Platforms
		Release|Win32 = Release|Win32
		StrongMagic|Any CPU = StrongMagic|Any CPU
		StrongMagic|Mixed Platforms = StrongMagic|Mixed Platforms
		StrongMagic|Win32 = StrongMagic|Win32
	EndGlobalSection
	GlobalSection(ProjectConfigurationPlatforms) = postSolution
		{C69ACA6D-6218-4B76-9E4B-78EDC840EFA6}.Debug|Any CPU.ActiveCfg = Debug|Win32
		{C69ACA6D-6218-4B76-9E4B-78EDC840EFA6}.Debug|Mixed Platforms.ActiveCfg = Debug|Win32
		{C69ACA6D-6218-4B76-9E4B-78EDC840EFA6}.Debug|Mixed Platforms.Build.0 = Debug|Win32
		{C69ACA6D-6218-4B76-9E4B-78EDC840EFA6}.Debug|Win32.ActiveCfg = Debug|Win32
		{C69ACA6D-6218-4B76-9E4B-78EDC840EFA6}.Debug|Win32.Build.0 = Debug|Win32
		{C69ACA6D-6218-4B76-9E4B-78EDC840EFA6}.Release|Any CPU.ActiveCfg = Release|Win32
		{C69ACA6D-6218-4B76-9E4B-78EDC840EFA6}.Release|Mixed Platforms.ActiveCfg = Release|Win32
		{C69ACA6D-6218-4B76-9E4B-78EDC840EFA6}.Release|Mixed Platforms.Build.0 = Release|Win32
		{C69ACA6D-6218-4B76-9E4B-78EDC840EFA6}.Release|Win32.ActiveCfg = Release|Win32
		{C69ACA6D-6218-4B76-9E4B-78EDC840EFA6}.Release|Win32.Build.0 = Release|Win32
		{C69ACA6D-6218-4B76-9E4B-78EDC840EFA6}.StrongMagic|Any CPU.ActiveCfg = Release|Win32
		{C69ACA6D-6218-4B76-9E4B-78EDC840EFA6}.StrongMagic|Mixed Platforms.ActiveCfg = Release|Win32
		{C69ACA6D-6218-4B76-9E4B-78EDC840EFA6}.StrongMagic|Mixed Platforms.Build.0 = Release|Win32
		{C69ACA6D-6218-4B76-9E4B-78EDC840EFA6}.StrongMagic|Win32.ActiveCfg = Release|Win32
		{C69ACA6D-6218-4B76-9E4B-78EDC840EFA6}.StrongMagic|Win32.Build.0 = Release|Win32
		{2B739652-924E-4FAA-915B-60BD213EBE96}.Debug|Any CPU.ActiveCfg = Debug|Win32
		{2B739652-924E-4FAA-915B-60BD213EBE96}.Debug|Mixed Platforms.ActiveCfg = Debug|Win32
		{2B739652-924E-4FAA-915B-60BD213EBE96}.Debug|Mixed Platforms.Build.0 = Debug|Win32
		{2B739652-924E-4FAA-915B-60BD213EBE96}.Debug|Win32.ActiveCfg = Debug|Win32
		{2B739652-924E-4FAA-915B-60BD213EBE96}.Debug|Win32.Build.0 = Debug|Win32
		{2B739652-924E-4FAA-915B-60BD213EBE96}.Release|Any CPU.ActiveCfg = Release|Win32
		{2B739652-924E-4FAA-915B-60BD213EBE96}.Release|Mixed Platforms.ActiveCfg = Release|Win32
		{2B739652-924E-4FAA-915B-60BD213EBE96}.Release|Mixed Platforms.Build.0 = Release|Win32
		{2B739652-924E-4FAA-915B-60BD213EBE96}.Release|Win32.ActiveCfg = Release|Win32
		{2B739652-924E-4FAA-915B-60BD213EBE96}.Release|Win32.Build.0 = Release|Win32
		{2B739652-924E-4FAA-915B-60BD213EBE96}.StrongMagic|Any CPU.ActiveCfg = Release|Win32
		{2B739652-924E-4FAA-915B-60BD213EBE96}.StrongMagic|Mixed Platforms.ActiveCfg = Release|Win32
		{2B739652-924E-4FAA-915B-60BD213EBE96}.StrongMagic|Mixed Platforms.Build.0 = Release|Win32
		{2B739652-924E-4FAA-915B-60BD213EBE96}.StrongMagic|Win32.ActiveCfg = Release|Win32
		{2B739652-924E-4FAA-915B-60BD213EBE96}.StrongMagic|Win32.Build.0 = Release|Win32
		{E63FB9C7-53C4-4A60-B6B2-91027174BD74}.Debug|Any CPU.ActiveCfg = Debug|Any CPU
		{E63FB9C7-53C4-4A60-B6B2-91027174BD74}.Debug|Any CPU.Build.0 = Debug|Any CPU
		{E63FB9C7-53C4-4A60-B6B2-91027174BD74}.Debug|Mixed Platforms.ActiveCfg = Debug|Any CPU
		{E63FB9C7-53C4-4A60-B6B2-91027174BD74}.Debug|Mixed Platforms.Build.0 = Debug|Any CPU
		{E63FB9C7-53C4-4A60-B6B2-91027174BD74}.Debug|Win32.ActiveCfg = Debug|Any CPU
		{E63FB9C7-53C4-4A60-B6B2-91027174BD74}.Release|Any CPU.ActiveCfg = Release|Any CPU
		{E63FB9C7-53C4-4A60-B6B2-91027174BD74}.Release|Any CPU.Build.0 = Release|Any CPU
		{E63FB9C7-53C4-4A60-B6B2-91027174BD74}.Release|Mixed Platforms.ActiveCfg = Release|Any CPU
		{E63FB9C7-53C4-4A60-B6B2-91027174BD74}.Release|Mixed Platforms.Build.0 = Release|Any CPU
		{E63FB9C7-53C4-4A60-B6B2-91027174BD74}.Release|Win32.ActiveCfg = Release|Any CPU
		{E63FB9C7-53C4-4A60-B6B2-91027174BD74}.StrongMagic|Any CPU.ActiveCfg = Release|Any CPU
		{E63FB9C7-53C4-4A60-B6B2-91027174BD74}.StrongMagic|Any CPU.Build.0 = Release|Any CPU
		{E63FB9C7-53C4-4A60-B6B2-91027174BD74}.StrongMagic|Mixed Platforms.ActiveCfg = Release|Any CPU
		{E63FB9C7-53C4-4A60-B6B2-91027174BD74}.StrongMagic|Mixed Platforms.Build.0 = Release|Any CPU
		{E63FB9C7-53C4-4A60-B6B2-91027174BD74}.StrongMagic|Win32.ActiveCfg = Release|Any CPU
		{F163B002-2DF0-4344-8A74-9A4267861A2C}.Debug|Any CPU.ActiveCfg = Debug|Win32
		{F163B002-2DF0-4344-8A74-9A4267861A2C}.Debug|Mixed Platforms.ActiveCfg = Debug|Win32
		{F163B002-2DF0-4344-8A74-9A4267861A2C}.Debug|Mixed Platforms.Build.0 = Debug|Win32
		{F163B002-2DF0-4344-8A74-9A4267861A2C}.Debug|Win32.ActiveCfg = Debug|Win32
		{F163B002-2DF0-4344-8A74-9A4267861A2C}.Debug|Win32.Build.0 = Debug|Win32
		{F163B002-2DF0-4344-8A74-9A4267861A2C}.Release|Any CPU.ActiveCfg = Release|Win32
		{F163B002-2DF0-4344-8A74-9A4267861A2C}.Release|Mixed Platforms.ActiveCfg = Release|Win32
		{F163B002-2DF0-4344-8A74-9A4267861A2C}.Release|Mixed Platforms.Build.0 = Release|Win32
		{F163B002-2DF0-4344-8A74-9A4267861A2C}.Release|Win32.ActiveCfg = Release|Win32
		{F163B002-2DF0-4344-8A74-9A4267861A2C}.Release|Win32.Build.0 = Release|Win32
		{F163B002-2DF0-4344-8A74-9A4267861A2C}.StrongMagic|Any CPU.ActiveCfg = Release|Win32
		{F163B002-2DF0-4344-8A74-9A4267861A2C}.StrongMagic|Mixed Platforms.ActiveCfg = Release|Win32
		{F163B002-2DF0-4344-8A74-9A4267861A2C}.StrongMagic|Mixed Platforms.Build.0 = Release|Win32
		{F163B002-2DF0-4344-8A74-9A4267861A2C}.StrongMagic|Win32.ActiveCfg = Release|Win32
		{F163B002-2DF0-4344-8A74-9A4267861A2C}.StrongMagic|Win32.Build.0 = Release|Win32
		{1AACDFB8-5BAE-4E9D-BA07-800661E0D733}.Debug|Any CPU.ActiveCfg = Debug|Win32
		{1AACDFB8-5BAE-4E9D-BA07-800661E0D733}.Debug|Mixed Platforms.ActiveCfg = Debug|Win32
		{1AACDFB8-5BAE-4E9D-BA07-800661E0D733}.Debug|Mixed Platforms.Build.0 = Debug|Win32
		{1AACDFB8-5BAE-4E9D-BA07-800661E0D733}.Debug|Win32.ActiveCfg = Debug|Win32
		{1AACDFB8-5BAE-4E9D-BA07-800661E0D733}.Debug|Win32.Build.0 = Debug|Win32
		{1AACDFB8-5BAE-4E9D-BA07-800661E0D733}.Release|Any CPU.ActiveCfg = Release|Win32
		{1AACDFB8-5BAE-4E9D-BA07-800661E0D733}.Release|Mixed Platforms.ActiveCfg = Release|Win32
		{1AACDFB8-5BAE-4E9D-BA07-800661E0D733}.Release|Mixed Platforms.Build.0 = Release|Win32
		{1AACDFB8-5BAE-4E9D-BA07-800661E0D733}.Release|Win32.ActiveCfg = Release|Win32
		{1AACDFB8-5BAE-4E9D-BA07-800661E0D733}.Release|Win32.Build.0 = Release|Win32
		{1AACDFB8-5BAE-4E9D-BA07-800661E0D733}.StrongMagic|Any CPU.ActiveCfg = Release|Win32
		{1AACDFB8-5BAE-4E9D-BA07-800661E0D733}.StrongMagic|Mixed Platforms.ActiveCfg = Release|Win32
		{1AACDFB8-5BAE-4E9D-BA07-800661E0D733}.StrongMagic|Mixed Platforms.Build.0 = Release|Win32
		{1AACDFB8-5BAE-4E9D-BA07-800661E0D733}.StrongMagic|Win32.ActiveCfg = Release|Win32
		{1AACDFB8-5BAE-4E9D-BA07-800661E0D733}.StrongMagic|Win32.Build.0 = Release|Win32
		{92F94EA0-9910-4895-B8A1-FED1543A9DA1}.Debug|Any CPU.ActiveCfg = Debug|Any CPU
		{92F94EA0-9910-4895-B8A1-FED1543A9DA1}.Debug|Any CPU.Build.0 = Debug|Any CPU
		{92F94EA0-9910-4895-B8A1-FED1543A9DA1}.Debug|Mixed Platforms.ActiveCfg = Debug|Any CPU
		{92F94EA0-9910-4895-B8A1-FED1543A9DA1}.Debug|Mixed Platforms.Build.0 = Debug|Any CPU
		{92F94EA0-9910-4895-B8A1-FED1543A9DA1}.Debug|Win32.ActiveCfg = Debug|Any CPU
		{92F94EA0-9910-4895-B8A1-FED1543A9DA1}.Release|Any CPU.ActiveCfg = Release|Any CPU
		{92F94EA0-9910-4895-B8A1-FED1543A9DA1}.Release|Any CPU.Build.0 = Release|Any CPU
		{92F94EA0-9910-4895-B8A1-FED1543A9DA1}.Release|Mixed Platforms.ActiveCfg = Release|Any CPU
		{92F94EA0-9910-4895-B8A1-FED1543A9DA1}.Release|Mixed Platforms.Build.0 = Release|Any CPU
		{92F94EA0-9910-4895-B8A1-FED1543A9DA1}.Release|Win32.ActiveCfg = Release|Any CPU
		{92F94EA0-9910-4895-B8A1-FED1543A9DA1}.StrongMagic|Any CPU.ActiveCfg = StrongMagic|Any CPU
		{92F94EA0-9910-4895-B8A1-FED1543A9DA1}.StrongMagic|Any CPU.Build.0 = StrongMagic|Any CPU
		{92F94EA0-9910-4895-B8A1-FED1543A9DA1}.StrongMagic|Mixed Platforms.ActiveCfg = StrongMagic|Any CPU
		{92F94EA0-9910-4895-B8A1-FED1543A9DA1}.StrongMagic|Mixed Platforms.Build.0 = StrongMagic|Any CPU
		{92F94EA0-9910-4895-B8A1-FED1543A9DA1}.StrongMagic|Win32.ActiveCfg = StrongMagic|Any CPU
		{EDEE9E0B-4B27-4166-94DF-B4AD61446A26}.Debug|Any CPU.ActiveCfg = Debug|Win32
		{EDEE9E0B-4B27-4166-94DF-B4AD61446A26}.Debug|Mixed Platforms.ActiveCfg = Debug|Win32
		{EDEE9E0B-4B27-4166-94DF-B4AD61446A26}.Debug|Mixed Platforms.Build.0 = Debug|Win32
		{EDEE9E0B-4B27-4166-94DF-B4AD61446A26}.Debug|Win32.ActiveCfg = Debug|Win32
		{EDEE9E0B-4B27-4166-94DF-B4AD61446A26}.Debug|Win32.Build.0 = Debug|Win32
		{EDEE9E0B-4B27-4166-94DF-B4AD61446A26}.Release|Any CPU.ActiveCfg = Release|Win32
		{EDEE9E0B-4B27-4166-94DF-B4AD61446A26}.Release|Mixed Platforms.ActiveCfg = Release|Win32
		{EDEE9E0B-4B27-4166-94DF-B4AD61446A26}.Release|Mixed Platforms.Build.0 = Release|Win32
		{EDEE9E0B-4B27-4166-94DF-B4AD61446A26}.Release|Win32.ActiveCfg = Release|Win32
		{EDEE9E0B-4B27-4166-94DF-B4AD61446A26}.Release|Win32.Build.0 = Release|Win32
		{EDEE9E0B-4B27-4166-94DF-B4AD61446A26}.StrongMagic|Any CPU.ActiveCfg = Release|Win32
		{EDEE9E0B-4B27-4166-94DF-B4AD61446A26}.StrongMagic|Mixed Platforms.ActiveCfg = Release|Win32
		{EDEE9E0B-4B27-4166-94DF-B4AD61446A26}.StrongMagic|Mixed Platforms.Build.0 = Release|Win32
		{EDEE9E0B-4B27-4166-94DF-B4AD61446A26}.StrongMagic|Win32.ActiveCfg = Release|Win32
		{EDEE9E0B-4B27-4166-94DF-B4AD61446A26}.StrongMagic|Win32.Build.0 = Release|Win32
		{31C88D23-7B0F-4B27-B418-30CC266C4386}.Debug|Any CPU.ActiveCfg = Debug|Any CPU
		{31C88D23-7B0F-4B27-B418-30CC266C4386}.Debug|Any CPU.Build.0 = Debug|Any CPU
		{31C88D23-7B0F-4B27-B418-30CC266C4386}.Debug|Mixed Platforms.ActiveCfg = Debug|Any CPU
		{31C88D23-7B0F-4B27-B418-30CC266C4386}.Debug|Mixed Platforms.Build.0 = Debug|Any CPU
		{31C88D23-7B0F-4B27-B418-30CC266C4386}.Debug|Win32.ActiveCfg = Debug|Any CPU
		{31C88D23-7B0F-4B27-B418-30CC266C4386}.Release|Any CPU.ActiveCfg = Release|Any CPU
		{31C88D23-7B0F-4B27-B418-30CC266C4386}.Release|Any CPU.Build.0 = Release|Any CPU
		{31C88D23-7B0F-4B27-B418-30CC266C4386}.Release|Mixed Platforms.ActiveCfg = Release|Any CPU
		{31C88D23-7B0F-4B27-B418-30CC266C4386}.Release|Mixed Platforms.Build.0 = Release|Any CPU
		{31C88D23-7B0F-4B27-B418-30CC266C4386}.Release|Win32.ActiveCfg = Release|Any CPU
		{31C88D23-7B0F-4B27-B418-30CC266C4386}.StrongMagic|Any CPU.ActiveCfg = Release|Any CPU
		{31C88D23-7B0F-4B27-B418-30CC266C4386}.StrongMagic|Any CPU.Build.0 = Release|Any CPU
		{31C88D23-7B0F-4B27-B418-30CC266C4386}.StrongMagic|Mixed Platforms.ActiveCfg = Release|Any CPU
		{31C88D23-7B0F-4B27-B418-30CC266C4386}.StrongMagic|Mixed Platforms.Build.0 = Release|Any CPU
		{31C88D23-7B0F-4B27-B418-30CC266C4386}.StrongMagic|Win32.ActiveCfg = Release|Any CPU
		{E9220C76-98AE-471E-BC4B-54F98012B8DA}.Debug|Any CPU.ActiveCfg = Debug|Any CPU
		{E9220C76-98AE-471E-BC4B-54F98012B8DA}.Debug|Any CPU.Build.0 = Debug|Any CPU
		{E9220C76-98AE-471E-BC4B-54F98012B8DA}.Debug|Mixed Platforms.ActiveCfg = Debug|Any CPU
		{E9220C76-98AE-471E-BC4B-54F98012B8DA}.Debug|Mixed Platforms.Build.0 = Debug|Any CPU
		{E9220C76-98AE-471E-BC4B-54F98012B8DA}.Debug|Win32.ActiveCfg = Debug|Any CPU
		{E9220C76-98AE-471E-BC4B-54F98012B8DA}.Release|Any CPU.ActiveCfg = Release|Any CPU
		{E9220C76-98AE-471E-BC4B-54F98012B8DA}.Release|Any CPU.Build.0 = Release|Any CPU
		{E9220C76-98AE-471E-BC4B-54F98012B8DA}.Release|Mixed Platforms.ActiveCfg = Release|Any CPU
		{E9220C76-98AE-471E-BC4B-54F98012B8DA}.Release|Mixed Platforms.Build.0 = Release|Any CPU
		{E9220C76-98AE-471E-BC4B-54F98012B8DA}.Release|Win32.ActiveCfg = Release|Any CPU
		{E9220C76-98AE-471E-BC4B-54F98012B8DA}.StrongMagic|Any CPU.ActiveCfg = Release|Any CPU
		{E9220C76-98AE-471E-BC4B-54F98012B8DA}.StrongMagic|Any CPU.Build.0 = Release|Any CPU
		{E9220C76-98AE-471E-BC4B-54F98012B8DA}.StrongMagic|Mixed Platforms.ActiveCfg = Release|Any CPU
		{E9220C76-98AE-471E-BC4B-54F98012B8DA}.StrongMagic|Mixed Platforms.Build.0 = Release|Any CPU
		{E9220C76-98AE-471E-BC4B-54F98012B8DA}.StrongMagic|Win32.ActiveCfg = Release|Any CPU
		{3E3275EB-E51E-4D1F-B89B-A6084AF37105}.Debug|Any CPU.ActiveCfg = Debug|Win32
		{3E3275EB-E51E-4D1F-B89B-A6084AF37105}.Debug|Mixed Platforms.ActiveCfg = Debug|Win32
		{3E3275EB-E51E-4D1F-B89B-A6084AF37105}.Debug|Mixed Platforms.Build.0 = Debug|Win32
		{3E3275EB-E51E-4D1F-B89B-A6084AF37105}.Debug|Win32.ActiveCfg = Debug|Win32
		{3E3275EB-E51E-4D1F-B89B-A6084AF37105}.Debug|Win32.Build.0 = Debug|Win32
		{3E3275EB-E51E-4D1F-B89B-A6084AF37105}.Release|Any CPU.ActiveCfg = Release|Win32
		{3E3275EB-E51E-4D1F-B89B-A6084AF37105}.Release|Mixed Platforms.ActiveCfg = Release|Win32
		{3E3275EB-E51E-4D1F-B89B-A6084AF37105}.Release|Mixed Platforms.Build.0 = Release|Win32
		{3E3275EB-E51E-4D1F-B89B-A6084AF37105}.Release|Win32.ActiveCfg = Release|Win32
		{3E3275EB-E51E-4D1F-B89B-A6084AF37105}.Release|Win32.Build.0 = Release|Win32
		{3E3275EB-E51E-4D1F-B89B-A6084AF37105}.StrongMagic|Any CPU.ActiveCfg = Release|Win32
		{3E3275EB-E51E-4D1F-B89B-A6084AF37105}.StrongMagic|Mixed Platforms.ActiveCfg = Release|Win32
		{3E3275EB-E51E-4D1F-B89B-A6084AF37105}.StrongMagic|Mixed Platforms.Build.0 = Release|Win32
		{3E3275EB-E51E-4D1F-B89B-A6084AF37105}.StrongMagic|Win32.ActiveCfg = Release|Win32
		{3E3275EB-E51E-4D1F-B89B-A6084AF37105}.StrongMagic|Win32.Build.0 = Release|Win32
		{0FCCB23D-6467-4389-A2D9-9E60F2D6FB4D}.Debug|Any CPU.ActiveCfg = Debug|Any CPU
		{0FCCB23D-6467-4389-A2D9-9E60F2D6FB4D}.Debug|Any CPU.Build.0 = Debug|Any CPU
		{0FCCB23D-6467-4389-A2D9-9E60F2D6FB4D}.Debug|Mixed Platforms.ActiveCfg = Debug|Any CPU
		{0FCCB23D-6467-4389-A2D9-9E60F2D6FB4D}.Debug|Mixed Platforms.Build.0 = Debug|Any CPU
		{0FCCB23D-6467-4389-A2D9-9E60F2D6FB4D}.Debug|Win32.ActiveCfg = Debug|Any CPU
		{0FCCB23D-6467-4389-A2D9-9E60F2D6FB4D}.Release|Any CPU.ActiveCfg = Release|Any CPU
		{0FCCB23D-6467-4389-A2D9-9E60F2D6FB4D}.Release|Any CPU.Build.0 = Release|Any CPU
		{0FCCB23D-6467-4389-A2D9-9E60F2D6FB4D}.Release|Mixed Platforms.ActiveCfg = Release|Any CPU
		{0FCCB23D-6467-4389-A2D9-9E60F2D6FB4D}.Release|Mixed Platforms.Build.0 = Release|Any CPU
		{0FCCB23D-6467-4389-A2D9-9E60F2D6FB4D}.Release|Win32.ActiveCfg = Release|Any CPU
		{0FCCB23D-6467-4389-A2D9-9E60F2D6FB4D}.StrongMagic|Any CPU.ActiveCfg = Release|Any CPU
		{0FCCB23D-6467-4389-A2D9-9E60F2D6FB4D}.StrongMagic|Any CPU.Build.0 = Release|Any CPU
		{0FCCB23D-6467-4389-A2D9-9E60F2D6FB4D}.StrongMagic|Mixed Platforms.ActiveCfg = Release|Any CPU
		{0FCCB23D-6467-4389-A2D9-9E60F2D6FB4D}.StrongMagic|Mixed Platforms.Build.0 = Release|Any CPU
		{0FCCB23D-6467-4389-A2D9-9E60F2D6FB4D}.StrongMagic|Win32.ActiveCfg = Release|Any CPU
		{F1DD56CA-1BF5-4D7D-AFF9-5A765BDB9F24}.Debug|Any CPU.ActiveCfg = Debug|Any CPU
		{F1DD56CA-1BF5-4D7D-AFF9-5A765BDB9F24}.Debug|Any CPU.Build.0 = Debug|Any CPU
		{F1DD56CA-1BF5-4D7D-AFF9-5A765BDB9F24}.Debug|Mixed Platforms.ActiveCfg = Debug|Any CPU
		{F1DD56CA-1BF5-4D7D-AFF9-5A765BDB9F24}.Debug|Mixed Platforms.Build.0 = Debug|Any CPU
		{F1DD56CA-1BF5-4D7D-AFF9-5A765BDB9F24}.Debug|Win32.ActiveCfg = Debug|Any CPU
		{F1DD56CA-1BF5-4D7D-AFF9-5A765BDB9F24}.Release|Any CPU.ActiveCfg = Release|Any CPU
		{F1DD56CA-1BF5-4D7D-AFF9-5A765BDB9F24}.Release|Any CPU.Build.0 = Release|Any CPU
		{F1DD56CA-1BF5-4D7D-AFF9-5A765BDB9F24}.Release|Mixed Platforms.ActiveCfg = Release|Any CPU
		{F1DD56CA-1BF5-4D7D-AFF9-5A765BDB9F24}.Release|Mixed Platforms.Build.0 = Release|Any CPU
		{F1DD56CA-1BF5-4D7D-AFF9-5A765BDB9F24}.Release|Win32.ActiveCfg = Release|Any CPU
		{F1DD56CA-1BF5-4D7D-AFF9-5A765BDB9F24}.StrongMagic|Any CPU.ActiveCfg = Release|Any CPU
		{F1DD56CA-1BF5-4D7D-AFF9-5A765BDB9F24}.StrongMagic|Any CPU.Build.0 = Release|Any CPU
		{F1DD56CA-1BF5-4D7D-AFF9-5A765BDB9F24}.StrongMagic|Mixed Platforms.ActiveCfg = Release|Any CPU
		{F1DD56CA-1BF5-4D7D-AFF9-5A765BDB9F24}.StrongMagic|Mixed Platforms.Build.0 = Release|Any CPU
		{F1DD56CA-1BF5-4D7D-AFF9-5A765BDB9F24}.StrongMagic|Win32.ActiveCfg = Release|Any CPU
		{54039DC5-994B-449A-8D75-D4815FD4F87B}.Debug|Any CPU.ActiveCfg = Debug|Any CPU
		{54039DC5-994B-449A-8D75-D4815FD4F87B}.Debug|Any CPU.Build.0 = Debug|Any CPU
		{54039DC5-994B-449A-8D75-D4815FD4F87B}.Debug|Mixed Platforms.ActiveCfg = Debug|Any CPU
		{54039DC5-994B-449A-8D75-D4815FD4F87B}.Debug|Mixed Platforms.Build.0 = Debug|Any CPU
		{54039DC5-994B-449A-8D75-D4815FD4F87B}.Debug|Win32.ActiveCfg = Debug|Any CPU
		{54039DC5-994B-449A-8D75-D4815FD4F87B}.Release|Any CPU.ActiveCfg = Release|Any CPU
		{54039DC5-994B-449A-8D75-D4815FD4F87B}.Release|Any CPU.Build.0 = Release|Any CPU
		{54039DC5-994B-449A-8D75-D4815FD4F87B}.Release|Mixed Platforms.ActiveCfg = Release|Any CPU
		{54039DC5-994B-449A-8D75-D4815FD4F87B}.Release|Mixed Platforms.Build.0 = Release|Any CPU
		{54039DC5-994B-449A-8D75-D4815FD4F87B}.Release|Win32.ActiveCfg = Release|Any CPU
		{54039DC5-994B-449A-8D75-D4815FD4F87B}.StrongMagic|Any CPU.ActiveCfg = Release|Any CPU
		{54039DC5-994B-449A-8D75-D4815FD4F87B}.StrongMagic|Any CPU.Build.0 = Release|Any CPU
		{54039DC5-994B-449A-8D75-D4815FD4F87B}.StrongMagic|Mixed Platforms.ActiveCfg = Release|Any CPU
		{54039DC5-994B-449A-8D75-D4815FD4F87B}.StrongMagic|Mixed Platforms.Build.0 = Release|Any CPU
		{54039DC5-994B-449A-8D75-D4815FD4F87B}.StrongMagic|Win32.ActiveCfg = Release|Any CPU
		{5FDBFB97-B2B6-439A-A98A-AB5FA65F975A}.Debug|Any CPU.ActiveCfg = Debug|Any CPU
		{5FDBFB97-B2B6-439A-A98A-AB5FA65F975A}.Debug|Any CPU.Build.0 = Debug|Any CPU
		{5FDBFB97-B2B6-439A-A98A-AB5FA65F975A}.Debug|Mixed Platforms.ActiveCfg = Debug|Any CPU
		{5FDBFB97-B2B6-439A-A98A-AB5FA65F975A}.Debug|Mixed Platforms.Build.0 = Debug|Any CPU
		{5FDBFB97-B2B6-439A-A98A-AB5FA65F975A}.Debug|Win32.ActiveCfg = Debug|Any CPU
		{5FDBFB97-B2B6-439A-A98A-AB5FA65F975A}.Release|Any CPU.ActiveCfg = Release|Any CPU
		{5FDBFB97-B2B6-439A-A98A-AB5FA65F975A}.Release|Any CPU.Build.0 = Release|Any CPU
		{5FDBFB97-B2B6-439A-A98A-AB5FA65F975A}.Release|Mixed Platforms.ActiveCfg = Release|Any CPU
		{5FDBFB97-B2B6-439A-A98A-AB5FA65F975A}.Release|Mixed Platforms.Build.0 = Release|Any CPU
		{5FDBFB97-B2B6-439A-A98A-AB5FA65F975A}.Release|Win32.ActiveCfg = Release|Any CPU
		{5FDBFB97-B2B6-439A-A98A-AB5FA65F975A}.StrongMagic|Any CPU.ActiveCfg = Release|Any CPU
		{5FDBFB97-B2B6-439A-A98A-AB5FA65F975A}.StrongMagic|Any CPU.Build.0 = Release|Any CPU
		{5FDBFB97-B2B6-439A-A98A-AB5FA65F975A}.StrongMagic|Mixed Platforms.ActiveCfg = Release|Any CPU
		{5FDBFB97-B2B6-439A-A98A-AB5FA65F975A}.StrongMagic|Mixed Platforms.Build.0 = Release|Any CPU
		{5FDBFB97-B2B6-439A-A98A-AB5FA65F975A}.StrongMagic|Win32.ActiveCfg = Release|Any CPU
		{B03B1DC6-5880-479D-9D78-272B9338BE99}.Debug|Any CPU.ActiveCfg = Debug|Any CPU
		{B03B1DC6-5880-479D-9D78-272B9338BE99}.Debug|Any CPU.Build.0 = Debug|Any CPU
		{B03B1DC6-5880-479D-9D78-272B9338BE99}.Debug|Mixed Platforms.ActiveCfg = Debug|Any CPU
		{B03B1DC6-5880-479D-9D78-272B9338BE99}.Debug|Mixed Platforms.Build.0 = Debug|Any CPU
		{B03B1DC6-5880-479D-9D78-272B9338BE99}.Debug|Win32.ActiveCfg = Debug|Any CPU
		{B03B1DC6-5880-479D-9D78-272B9338BE99}.Release|Any CPU.ActiveCfg = Release|Any CPU
		{B03B1DC6-5880-479D-9D78-272B9338BE99}.Release|Any CPU.Build.0 = Release|Any CPU
		{B03B1DC6-5880-479D-9D78-272B9338BE99}.Release|Mixed Platforms.ActiveCfg = Release|Any CPU
		{B03B1DC6-5880-479D-9D78-272B9338BE99}.Release|Mixed Platforms.Build.0 = Release|Any CPU
		{B03B1DC6-5880-479D-9D78-272B9338BE99}.Release|Win32.ActiveCfg = Release|Any CPU
		{B03B1DC6-5880-479D-9D78-272B9338BE99}.StrongMagic|Any CPU.ActiveCfg = Release|Any CPU
		{B03B1DC6-5880-479D-9D78-272B9338BE99}.StrongMagic|Any CPU.Build.0 = Release|Any CPU
		{B03B1DC6-5880-479D-9D78-272B9338BE99}.StrongMagic|Mixed Platforms.ActiveCfg = Release|Any CPU
		{B03B1DC6-5880-479D-9D78-272B9338BE99}.StrongMagic|Mixed Platforms.Build.0 = Release|Any CPU
		{B03B1DC6-5880-479D-9D78-272B9338BE99}.StrongMagic|Win32.ActiveCfg = Release|Any CPU
	EndGlobalSection
	GlobalSection(SolutionProperties) = preSolution
		HideSolutionNode = FALSE
	EndGlobalSection
EndGlobal
