Microsoft Visual Studio Solution File, Format Version 8.00
Project("{8BC9CEB8-8B4A-11D0-8D11-00A0C91BC942}") = "Intercepts", "Intercepts.vcproj", "{DB589D83-E9C3-4F53-B23E-3E1721C9FB32}"
	ProjectSection(ProjectDependencies) = postProject
	EndProjectSection
EndProject
Global
	GlobalSection(SolutionConfiguration) = preSolution
		Debug = Debug
		Release = Release
	EndGlobalSection
	GlobalSection(ProjectConfiguration) = postSolution
		{DB589D83-E9C3-4F53-B23E-3E1721C9FB32}.Debug.ActiveCfg = Debug|Win32
		{DB589D83-E9C3-4F53-B23E-3E1721C9FB32}.Debug.Build.0 = Debug|Win32
		{DB589D83-E9C3-4F53-B23E-3E1721C9FB32}.Release.ActiveCfg = Release|Win32
		{DB589D83-E9C3-4F53-B23E-3E1721C9FB32}.Release.Build.0 = Release|Win32
	EndGlobalSection
	GlobalSection(ExtensibilityGlobals) = postSolution
	EndGlobalSection
	GlobalSection(ExtensibilityAddIns) = postSolution
	EndGlobalSection
EndGlobal
