Microsoft Visual Studio Solution File, Format Version 8.00
Project("{FAE04EC0-301F-11D3-BF4B-00C04F79EFBC}") = "FaultsXMLFramework", "FaultsXMLFramework.csproj", "{6E805F15-6F43-4465-920F-F46114C0323F}"
	ProjectSection(ProjectDependencies) = postProject
	EndProjectSection
EndProject
Global
	GlobalSection(SolutionConfiguration) = preSolution
		Debug = Debug
		Release = Release
	EndGlobalSection
	GlobalSection(ProjectConfiguration) = postSolution
		{6E805F15-6F43-4465-920F-F46114C0323F}.Debug.ActiveCfg = Debug|.NET
		{6E805F15-6F43-4465-920F-F46114C0323F}.Debug.Build.0 = Debug|.NET
		{6E805F15-6F43-4465-920F-F46114C0323F}.Release.ActiveCfg = Release|.NET
		{6E805F15-6F43-4465-920F-F46114C0323F}.Release.Build.0 = Release|.NET
	EndGlobalSection
	GlobalSection(ExtensibilityGlobals) = postSolution
	EndGlobalSection
	GlobalSection(ExtensibilityAddIns) = postSolution
	EndGlobalSection
EndGlobal
