Microsoft Visual Studio Solution File, Format Version 7.00
Project("{8BC9CEB8-8B4A-11D0-8D11-00A0C91BC942}") = "fault_tester", "fault_tester.vcproj", "{D1674C95-DDD3-474A-AB71-31EF9DDDE9E9}"
EndProject
Global
	GlobalSection(SolutionConfiguration) = preSolution
		ConfigName.0 = Debug
		ConfigName.1 = Release
	EndGlobalSection
	GlobalSection(ProjectDependencies) = postSolution
	EndGlobalSection
	GlobalSection(ProjectConfiguration) = postSolution
		{D1674C95-DDD3-474A-AB71-31EF9DDDE9E9}.Debug.ActiveCfg = Debug|Win32
		{D1674C95-DDD3-474A-AB71-31EF9DDDE9E9}.Debug.Build.0 = Debug|Win32
		{D1674C95-DDD3-474A-AB71-31EF9DDDE9E9}.Release.ActiveCfg = Release|Win32
		{D1674C95-DDD3-474A-AB71-31EF9DDDE9E9}.Release.Build.0 = Release|Win32
	EndGlobalSection
	GlobalSection(ExtensibilityGlobals) = postSolution
	EndGlobalSection
	GlobalSection(ExtensibilityAddIns) = postSolution
	EndGlobalSection
EndGlobal
