Microsoft Visual Studio Solution File, Format Version 7.00
Project("{8BC9CEB8-8B4A-11D0-8D11-00A0C91BC942}") = "HeatApi", "HeatApi.vcproj", "{8148FE00-2B5E-4FA2-9D35-D6D10BF5D466}"
EndProject
Global
	GlobalSection(SolutionConfiguration) = preSolution
		ConfigName.0 = Debug
		ConfigName.1 = Release
	EndGlobalSection
	GlobalSection(ProjectDependencies) = postSolution
	EndGlobalSection
	GlobalSection(ProjectConfiguration) = postSolution
		{8148FE00-2B5E-4FA2-9D35-D6D10BF5D466}.Debug.ActiveCfg = Debug|Win32
		{8148FE00-2B5E-4FA2-9D35-D6D10BF5D466}.Debug.Build.0 = Debug|Win32
		{8148FE00-2B5E-4FA2-9D35-D6D10BF5D466}.Release.ActiveCfg = Release|Win32
		{8148FE00-2B5E-4FA2-9D35-D6D10BF5D466}.Release.Build.0 = Release|Win32
	EndGlobalSection
	GlobalSection(ExtensibilityGlobals) = postSolution
	EndGlobalSection
	GlobalSection(ExtensibilityAddIns) = postSolution
	EndGlobalSection
EndGlobal
